{
  "version": 4,
  "terraform_version": "1.0.9",
  "serial": 2059,
  "lineage": "73503fc5-a427-b53e-02ca-7f98d7e4cfa6",
  "outputs": {
    "cluster_name": {
      "value": "airflow-eks-data-bootcamp",
      "type": "string"
    },
    "efs": {
      "value": "fs-0b38864b095efae52.efs.us-east-2.amazonaws.com",
      "type": "string"
    },
    "region": {
      "value": "us-east-2",
      "type": "string"
    }
  },
  "resources": [
    {
      "module": "module.eks",
      "mode": "data",
      "type": "aws_eks_cluster",
      "name": "cluster",
      "provider": "provider[\"registry.terraform.io/hashicorp/aws\"]",
      "instances": [
        {
          "schema_version": 0,
          "attributes": {
            "arn": "arn:aws:eks:us-east-2:855157247171:cluster/airflow-eks-data-bootcamp",
            "certificate_authority": [
              {
                "data": "LS0tLS1CRUdJTiBDRVJUSUZJQ0FURS0tLS0tCk1JSUM1ekNDQWMrZ0F3SUJBZ0lCQURBTkJna3Foa2lHOXcwQkFRc0ZBREFWTVJNd0VRWURWUVFERXdwcmRXSmwKY201bGRHVnpNQjRYRFRJeE1UQXpNVEU0TXpnek4xb1hEVE14TVRBeU9URTRNemd6TjFvd0ZURVRNQkVHQTFVRQpBeE1LYTNWaVpYSnVaWFJsY3pDQ0FTSXdEUVlKS29aSWh2Y05BUUVCQlFBRGdnRVBBRENDQVFvQ2dnRUJBTC9BCmF4ZlpXZWd1OTFBdjIwVjUyajJOaXNaeDNHN0xTSnJMRFJIbjRWeWlwSWV2WW5kdVVsdVNzOTNqc21kWFl6Z2UKNTRsaVVZWU5iWHVaQ2JGbG9NTWh4NitRc0x2STRvZy9WSWVnTjM4cW8wWFluZXlnNVFRY2R1VG5nZEVBSmZ4bApZTjhjNzdGY1pPbnNrZ0JtbFVabTNEbzM5Z0xZK2JJU0NxUG1BY2lBZXVYcDg2aWxHa1RRZHRIZ3JacWhQWnRYCjJsUnVad0tKTW5XTTJPQ2NHV2RUS2Nwc2lyL2ZVMVh2OW1Wc0hEUXVkV0FuY0pTT0VWT3NFVTVJRThKTC9zMm8KVklxRWg1L0xObmJVdU56dEJ3WjhiTVpoQ0NQa2dTQlNnUkhJOEt4clpRMDFBM0U2NzJ3VmJEMWltcldPYmFWRwpObXFVMTA5VUxJRDFZamFkVWJzQ0F3RUFBYU5DTUVBd0RnWURWUjBQQVFIL0JBUURBZ0trTUE4R0ExVWRFd0VCCi93UUZNQU1CQWY4d0hRWURWUjBPQkJZRUZQSDJhR0VQd0czaUh4UGc5bUlpeGFoMEJGVzZNQTBHQ1NxR1NJYjMKRFFFQkN3VUFBNElCQVFBUEdmeW1KUW51dkZ0V1g1dkFHZ1JXN05iYlJDaGI0MitzclpINVhtdFhIVVVSQ1dCcQpRcVFkbXAxdjUyV0NJUS9uUjZkdjlrM3J1RzZpQ1lQdXU2UU5YK282Mlp3bnRCNEYzb0pSQ3lROU1lbG1OSzZCCjE5UVJkcFpzRGJMMXE5cXJnWERCU2padnZsTmFnSUkvelhPQ0VZSE5oWHhSd1VjZlBZV1ZkNmJZbXhmZERCTS8KM1NMalBWWXhTQy85VjkyblZSbFRTMjNBNXFZOUpIczJ5SzZGMHdzSHB6dlBYRWVSRUVseUxLV01mbm1rMDdWYQo2Wmx1emRXTXR2dk9OL2hVekxaNmZRMVA3TEZNM3BRZXBScFpJTHowQ1AxOVpwMWgzKzBiN1dndVQ2L1pwYnhwCmRtdkVJTS9JQndraVNNMExTOTlXbnRIWXk5bDRTUkp1bWIrRwotLS0tLUVORCBDRVJUSUZJQ0FURS0tLS0tCg=="
              }
            ],
            "created_at": "2021-10-31 18:32:13.376 +0000 UTC",
            "enabled_cluster_log_types": [],
            "endpoint": "https://EBD520DDBD8C1CBB5805FF079B283AF6.gr7.us-east-2.eks.amazonaws.com",
            "id": "airflow-eks-data-bootcamp",
            "identity": [
              {
                "oidc": [
                  {
                    "issuer": "https://oidc.eks.us-east-2.amazonaws.com/id/EBD520DDBD8C1CBB5805FF079B283AF6"
                  }
                ]
              }
            ],
            "kubernetes_network_config": [
              {
                "service_ipv4_cidr": "172.20.0.0/16"
              }
            ],
            "name": "airflow-eks-data-bootcamp",
            "platform_version": "eks.2",
            "role_arn": "arn:aws:iam::855157247171:role/airflow-eks-data-bootcamp20211031183152958300000002",
            "status": "ACTIVE",
            "tags": {
              "Environment": "data-bootcamp",
              "GithubOrg": "terraform-aws-modules",
              "GithubRepo": "terraform-aws-eks"
            },
            "version": "1.20",
            "vpc_config": [
              {
                "cluster_security_group_id": "sg-0c96b30c543f5a373",
                "endpoint_private_access": false,
                "endpoint_public_access": true,
                "public_access_cidrs": [
                  "0.0.0.0/0"
                ],
                "security_group_ids": [
                  "sg-0a3794c1f1aefba34"
                ],
                "subnet_ids": [
                  "subnet-03a0f3d0fe7d6f049",
                  "subnet-079ccfed21acb2cb6"
                ],
                "vpc_id": "vpc-051dee3a395c1136c"
              }
            ]
          },
          "sensitive_attributes": []
        }
      ]
    },
    {
      "module": "module.eks",
      "mode": "data",
      "type": "aws_eks_cluster_auth",
      "name": "cluster",
      "provider": "provider[\"registry.terraform.io/hashicorp/aws\"]",
      "instances": [
        {
          "schema_version": 0,
          "attributes": {
            "id": "airflow-eks-data-bootcamp",
            "name": "airflow-eks-data-bootcamp",
            "token": "k8s-aws-v1.aHR0cHM6Ly9zdHMuYW1hem9uYXdzLmNvbS8_QWN0aW9uPUdldENhbGxlcklkZW50aXR5JlZlcnNpb249MjAxMS0wNi0xNSZYLUFtei1BbGdvcml0aG09QVdTNC1ITUFDLVNIQTI1NiZYLUFtei1DcmVkZW50aWFsPUFLSUE0T0cyWUJUQlY2T0xFVk1HJTJGMjAyMTEwMzElMkZ1cy1lYXN0LTElMkZzdHMlMkZhd3M0X3JlcXVlc3QmWC1BbXotRGF0ZT0yMDIxMTAzMVQxODQyNTdaJlgtQW16LUV4cGlyZXM9MCZYLUFtei1TaWduZWRIZWFkZXJzPWhvc3QlM0J4LWs4cy1hd3MtaWQmWC1BbXotU2lnbmF0dXJlPTA5MmI5NmVjZWE4NTkwZjE3N2VjODFjYzMyNGNjNTZmZWU2YTIyNDI5YTUzMjhmYjUxMzFkMzRlMjU0MTllOTQ"
          },
          "sensitive_attributes": []
        }
      ]
    },
    {
      "module": "module.eks",
      "mode": "managed",
      "type": "aws_efs_file_system",
      "name": "efs_provisioner",
      "provider": "provider[\"registry.terraform.io/hashicorp/aws\"]",
      "instances": [
        {
          "schema_version": 0,
          "attributes": {
            "arn": "arn:aws:elasticfilesystem:us-east-2:855157247171:file-system/fs-0b38864b095efae52",
            "availability_zone_id": "",
            "availability_zone_name": "",
            "creation_token": "terraform-20211031183152959300000003",
            "dns_name": "fs-0b38864b095efae52.efs.us-east-2.amazonaws.com",
            "encrypted": false,
            "id": "fs-0b38864b095efae52",
            "kms_key_id": "",
            "lifecycle_policy": [],
            "number_of_mount_targets": 0,
            "owner_id": "855157247171",
            "performance_mode": "generalPurpose",
            "provisioned_throughput_in_mibps": 0,
            "size_in_bytes": [
              {
                "value": 6144,
                "value_in_ia": 0,
                "value_in_standard": 6144
              }
            ],
            "tags": null,
            "tags_all": {},
            "throughput_mode": "bursting"
          },
          "sensitive_attributes": [],
          "private": "bnVsbA=="
        }
      ]
    },
    {
      "module": "module.eks",
      "mode": "managed",
      "type": "aws_efs_mount_target",
      "name": "efs_provisioner",
      "provider": "provider[\"registry.terraform.io/hashicorp/aws\"]",
      "instances": [
        {
          "index_key": 0,
          "schema_version": 0,
          "attributes": {
            "availability_zone_id": "use2-az1",
            "availability_zone_name": "us-east-2a",
            "dns_name": "fs-0b38864b095efae52.efs.us-east-2.amazonaws.com",
            "file_system_arn": "arn:aws:elasticfilesystem:us-east-2:855157247171:file-system/fs-0b38864b095efae52",
            "file_system_id": "fs-0b38864b095efae52",
            "id": "fsmt-0c2ef425bbb292370",
            "ip_address": "10.0.1.211",
            "mount_target_dns_name": "us-east-2a.fs-0b38864b095efae52.efs.us-east-2.amazonaws.com",
            "network_interface_id": "eni-06db5d2376678e977",
            "owner_id": "855157247171",
            "security_groups": [
              "sg-0cb58d415f30e5ea8"
            ],
            "subnet_id": "subnet-079ccfed21acb2cb6"
          },
          "sensitive_attributes": [],
          "private": "bnVsbA==",
          "dependencies": [
            "module.eks.aws_efs_file_system.efs_provisioner",
            "module.eks.aws_security_group.all_worker_mgmt",
            "module.eks.aws_security_group.ingress_efs",
            "module.eks.aws_security_group.worker_group_mgmt_one",
            "module.eks.aws_security_group.worker_group_mgmt_two",
            "module.networking.aws_subnet.private_subnet",
            "module.networking.aws_vpc.vpc"
          ]
        },
        {
          "index_key": 1,
          "schema_version": 0,
          "attributes": {
            "availability_zone_id": "use2-az2",
            "availability_zone_name": "us-east-2b",
            "dns_name": "fs-0b38864b095efae52.efs.us-east-2.amazonaws.com",
            "file_system_arn": "arn:aws:elasticfilesystem:us-east-2:855157247171:file-system/fs-0b38864b095efae52",
            "file_system_id": "fs-0b38864b095efae52",
            "id": "fsmt-082f84df1cc86225f",
            "ip_address": "10.0.2.151",
            "mount_target_dns_name": "us-east-2b.fs-0b38864b095efae52.efs.us-east-2.amazonaws.com",
            "network_interface_id": "eni-095771251dfd45c2b",
            "owner_id": "855157247171",
            "security_groups": [
              "sg-0cb58d415f30e5ea8"
            ],
            "subnet_id": "subnet-03a0f3d0fe7d6f049"
          },
          "sensitive_attributes": [],
          "private": "bnVsbA==",
          "dependencies": [
            "module.eks.aws_efs_file_system.efs_provisioner",
            "module.eks.aws_security_group.all_worker_mgmt",
            "module.eks.aws_security_group.ingress_efs",
            "module.eks.aws_security_group.worker_group_mgmt_one",
            "module.eks.aws_security_group.worker_group_mgmt_two",
            "module.networking.aws_subnet.private_subnet",
            "module.networking.aws_vpc.vpc"
          ]
        }
      ]
    },
    {
      "module": "module.eks",
      "mode": "managed",
      "type": "aws_security_group",
      "name": "all_worker_mgmt",
      "provider": "provider[\"registry.terraform.io/hashicorp/aws\"]",
      "instances": [
        {
          "schema_version": 1,
          "attributes": {
            "arn": "arn:aws:ec2:us-east-2:855157247171:security-group/sg-0638ea9fa9a6ceac1",
            "description": "Managed by Terraform",
            "egress": [],
            "id": "sg-0638ea9fa9a6ceac1",
            "ingress": [
              {
                "cidr_blocks": [
                  "10.0.0.0/8",
                  "172.16.0.0/12",
                  "192.168.0.0/16"
                ],
                "description": "",
                "from_port": 22,
                "ipv6_cidr_blocks": [],
                "prefix_list_ids": [],
                "protocol": "tcp",
                "security_groups": [],
                "self": false,
                "to_port": 22
              }
            ],
            "name": "all_worker_management20211031183207780400000009",
            "name_prefix": "all_worker_management",
            "owner_id": "855157247171",
            "revoke_rules_on_delete": false,
            "tags": null,
            "tags_all": {},
            "timeouts": null,
            "vpc_id": "vpc-051dee3a395c1136c"
          },
          "sensitive_attributes": [],
          "private": "eyJlMmJmYjczMC1lY2FhLTExZTYtOGY4OC0zNDM2M2JjN2M0YzAiOnsiY3JlYXRlIjo2MDAwMDAwMDAwMDAsImRlbGV0ZSI6OTAwMDAwMDAwMDAwfSwic2NoZW1hX3ZlcnNpb24iOiIxIn0=",
          "dependencies": [
            "module.networking.aws_vpc.vpc"
          ]
        }
      ]
    },
    {
      "module": "module.eks",
      "mode": "managed",
      "type": "aws_security_group",
      "name": "ingress_efs",
      "provider": "provider[\"registry.terraform.io/hashicorp/aws\"]",
      "instances": [
        {
          "schema_version": 1,
          "attributes": {
            "arn": "arn:aws:ec2:us-east-2:855157247171:security-group/sg-0cb58d415f30e5ea8",
            "description": "Allow NFS traffic.",
            "egress": [
              {
                "cidr_blocks": [],
                "description": "",
                "from_port": 0,
                "ipv6_cidr_blocks": [],
                "prefix_list_ids": [],
                "protocol": "-1",
                "security_groups": [
                  "sg-0401200e649dc646d",
                  "sg-0638ea9fa9a6ceac1",
                  "sg-0b83424a08bd7862d"
                ],
                "self": false,
                "to_port": 0
              }
            ],
            "id": "sg-0cb58d415f30e5ea8",
            "ingress": [
              {
                "cidr_blocks": [],
                "description": "",
                "from_port": 2049,
                "ipv6_cidr_blocks": [],
                "prefix_list_ids": [],
                "protocol": "tcp",
                "security_groups": [
                  "sg-0401200e649dc646d",
                  "sg-0638ea9fa9a6ceac1",
                  "sg-0b83424a08bd7862d"
                ],
                "self": false,
                "to_port": 2049
              }
            ],
            "name": "ingress-terraform-20211031183152959300000003-sg",
            "name_prefix": "",
            "owner_id": "855157247171",
            "revoke_rules_on_delete": false,
            "tags": null,
            "tags_all": {},
            "timeouts": null,
            "vpc_id": "vpc-051dee3a395c1136c"
          },
          "sensitive_attributes": [],
          "private": "eyJlMmJmYjczMC1lY2FhLTExZTYtOGY4OC0zNDM2M2JjN2M0YzAiOnsiY3JlYXRlIjo2MDAwMDAwMDAwMDAsImRlbGV0ZSI6OTAwMDAwMDAwMDAwfSwic2NoZW1hX3ZlcnNpb24iOiIxIn0=",
          "dependencies": [
            "module.eks.aws_efs_file_system.efs_provisioner",
            "module.eks.aws_security_group.all_worker_mgmt",
            "module.eks.aws_security_group.worker_group_mgmt_one",
            "module.eks.aws_security_group.worker_group_mgmt_two",
            "module.networking.aws_vpc.vpc"
          ]
        }
      ]
    },
    {
      "module": "module.eks",
      "mode": "managed",
      "type": "aws_security_group",
      "name": "worker_group_mgmt_one",
      "provider": "provider[\"registry.terraform.io/hashicorp/aws\"]",
      "instances": [
        {
          "schema_version": 1,
          "attributes": {
            "arn": "arn:aws:ec2:us-east-2:855157247171:security-group/sg-0401200e649dc646d",
            "description": "Managed by Terraform",
            "egress": [],
            "id": "sg-0401200e649dc646d",
            "ingress": [
              {
                "cidr_blocks": [
                  "10.0.0.0/8"
                ],
                "description": "",
                "from_port": 22,
                "ipv6_cidr_blocks": [],
                "prefix_list_ids": [],
                "protocol": "tcp",
                "security_groups": [],
                "self": false,
                "to_port": 22
              }
            ],
            "name": "worker_group_mgmt_one20211031183207780400000008",
            "name_prefix": "worker_group_mgmt_one",
            "owner_id": "855157247171",
            "revoke_rules_on_delete": false,
            "tags": null,
            "tags_all": {},
            "timeouts": null,
            "vpc_id": "vpc-051dee3a395c1136c"
          },
          "sensitive_attributes": [],
          "private": "eyJlMmJmYjczMC1lY2FhLTExZTYtOGY4OC0zNDM2M2JjN2M0YzAiOnsiY3JlYXRlIjo2MDAwMDAwMDAwMDAsImRlbGV0ZSI6OTAwMDAwMDAwMDAwfSwic2NoZW1hX3ZlcnNpb24iOiIxIn0=",
          "dependencies": [
            "module.networking.aws_vpc.vpc"
          ],
          "create_before_destroy": true
        }
      ]
    },
    {
      "module": "module.eks",
      "mode": "managed",
      "type": "aws_security_group",
      "name": "worker_group_mgmt_two",
      "provider": "provider[\"registry.terraform.io/hashicorp/aws\"]",
      "instances": [
        {
          "schema_version": 1,
          "attributes": {
            "arn": "arn:aws:ec2:us-east-2:855157247171:security-group/sg-0b83424a08bd7862d",
            "description": "Managed by Terraform",
            "egress": [],
            "id": "sg-0b83424a08bd7862d",
            "ingress": [
              {
                "cidr_blocks": [
                  "192.168.0.0/16"
                ],
                "description": "",
                "from_port": 22,
                "ipv6_cidr_blocks": [],
                "prefix_list_ids": [],
                "protocol": "tcp",
                "security_groups": [],
                "self": false,
                "to_port": 22
              }
            ],
            "name": "worker_group_mgmt_two2021103118320897040000000a",
            "name_prefix": "worker_group_mgmt_two",
            "owner_id": "855157247171",
            "revoke_rules_on_delete": false,
            "tags": null,
            "tags_all": {},
            "timeouts": null,
            "vpc_id": "vpc-051dee3a395c1136c"
          },
          "sensitive_attributes": [],
          "private": "eyJlMmJmYjczMC1lY2FhLTExZTYtOGY4OC0zNDM2M2JjN2M0YzAiOnsiY3JlYXRlIjo2MDAwMDAwMDAwMDAsImRlbGV0ZSI6OTAwMDAwMDAwMDAwfSwic2NoZW1hX3ZlcnNpb24iOiIxIn0=",
          "dependencies": [
            "module.networking.aws_vpc.vpc"
          ],
          "create_before_destroy": true
        }
      ]
    },
    {
      "module": "module.eks.module.eks",
      "mode": "data",
      "type": "aws_ami",
      "name": "eks_worker",
      "provider": "provider[\"registry.terraform.io/hashicorp/aws\"]",
      "instances": [
        {
          "index_key": 0,
          "schema_version": 0,
          "attributes": {
            "architecture": "x86_64",
            "arn": "arn:aws:ec2:us-east-2::image/ami-0abbd217a24c16672",
            "block_device_mappings": [
              {
                "device_name": "/dev/xvda",
                "ebs": {
                  "delete_on_termination": "true",
                  "encrypted": "false",
                  "iops": "0",
                  "snapshot_id": "snap-02dc80271a87de363",
                  "throughput": "0",
                  "volume_size": "20",
                  "volume_type": "gp2"
                },
                "no_device": "",
                "virtual_name": ""
              }
            ],
            "creation_date": "2021-10-15T01:28:32.000Z",
            "description": "EKS Kubernetes Worker AMI with AmazonLinux2 image, (k8s: 1.20.10, docker: 20.10.7-3.amzn2, containerd: 1.4.6-3.amzn2)",
            "ena_support": true,
            "executable_users": null,
            "filter": [
              {
                "name": "name",
                "values": [
                  "amazon-eks-node-1.20-v*"
                ]
              }
            ],
            "hypervisor": "xen",
            "id": "ami-0abbd217a24c16672",
            "image_id": "ami-0abbd217a24c16672",
            "image_location": "amazon/amazon-eks-node-1.20-v20211013",
            "image_owner_alias": "amazon",
            "image_type": "machine",
            "kernel_id": null,
            "most_recent": true,
            "name": "amazon-eks-node-1.20-v20211013",
            "name_regex": null,
            "owner_id": "602401143452",
            "owners": [
              "amazon"
            ],
            "platform": null,
            "platform_details": "Linux/UNIX",
            "product_codes": [],
            "public": true,
            "ramdisk_id": null,
            "root_device_name": "/dev/xvda",
            "root_device_type": "ebs",
            "root_snapshot_id": "snap-02dc80271a87de363",
            "sriov_net_support": "simple",
            "state": "available",
            "state_reason": {
              "code": "UNSET",
              "message": "UNSET"
            },
            "tags": {},
            "usage_operation": "RunInstances",
            "virtualization_type": "hvm"
          },
          "sensitive_attributes": []
        }
      ]
    },
    {
      "module": "module.eks.module.eks",
      "mode": "data",
      "type": "aws_caller_identity",
      "name": "current",
      "provider": "provider[\"registry.terraform.io/hashicorp/aws\"]",
      "instances": [
        {
          "schema_version": 0,
          "attributes": {
            "account_id": "855157247171",
            "arn": "arn:aws:iam::855157247171:user/airflow-cluster",
            "id": "855157247171",
            "user_id": "AIDA4OG2YBTBRYC7WXQWG"
          },
          "sensitive_attributes": []
        }
      ]
    },
    {
      "module": "module.eks.module.eks",
      "mode": "data",
      "type": "aws_iam_policy_document",
      "name": "cluster_assume_role_policy",
      "provider": "provider[\"registry.terraform.io/hashicorp/aws\"]",
      "instances": [
        {
          "schema_version": 0,
          "attributes": {
            "id": "2764486067",
            "json": "{\n  \"Version\": \"2012-10-17\",\n  \"Statement\": [\n    {\n      \"Sid\": \"EKSClusterAssumeRole\",\n      \"Effect\": \"Allow\",\n      \"Action\": \"sts:AssumeRole\",\n      \"Principal\": {\n        \"Service\": \"eks.amazonaws.com\"\n      }\n    }\n  ]\n}",
            "override_json": null,
            "override_policy_documents": null,
            "policy_id": null,
            "source_json": null,
            "source_policy_documents": null,
            "statement": [
              {
                "actions": [
                  "sts:AssumeRole"
                ],
                "condition": [],
                "effect": "Allow",
                "not_actions": [],
                "not_principals": [],
                "not_resources": [],
                "principals": [
                  {
                    "identifiers": [
                      "eks.amazonaws.com"
                    ],
                    "type": "Service"
                  }
                ],
                "resources": [],
                "sid": "EKSClusterAssumeRole"
              }
            ],
            "version": "2012-10-17"
          },
          "sensitive_attributes": []
        }
      ]
    },
    {
      "module": "module.eks.module.eks",
      "mode": "data",
      "type": "aws_iam_policy_document",
      "name": "cluster_elb_sl_role_creation",
      "provider": "provider[\"registry.terraform.io/hashicorp/aws\"]",
      "instances": [
        {
          "index_key": 0,
          "schema_version": 0,
          "attributes": {
            "id": "3709839417",
            "json": "{\n  \"Version\": \"2012-10-17\",\n  \"Statement\": [\n    {\n      \"Sid\": \"\",\n      \"Effect\": \"Allow\",\n      \"Action\": [\n        \"ec2:DescribeInternetGateways\",\n        \"ec2:DescribeAddresses\",\n        \"ec2:DescribeAccountAttributes\"\n      ],\n      \"Resource\": \"*\"\n    }\n  ]\n}",
            "override_json": null,
            "override_policy_documents": null,
            "policy_id": null,
            "source_json": null,
            "source_policy_documents": null,
            "statement": [
              {
                "actions": [
                  "ec2:DescribeAccountAttributes",
                  "ec2:DescribeAddresses",
                  "ec2:DescribeInternetGateways"
                ],
                "condition": [],
                "effect": "Allow",
                "not_actions": [],
                "not_principals": [],
                "not_resources": [],
                "principals": [],
                "resources": [
                  "*"
                ],
                "sid": ""
              }
            ],
            "version": "2012-10-17"
          },
          "sensitive_attributes": []
        }
      ]
    },
    {
      "module": "module.eks.module.eks",
      "mode": "data",
      "type": "aws_iam_policy_document",
      "name": "workers_assume_role_policy",
      "provider": "provider[\"registry.terraform.io/hashicorp/aws\"]",
      "instances": [
        {
          "schema_version": 0,
          "attributes": {
            "id": "3778018924",
            "json": "{\n  \"Version\": \"2012-10-17\",\n  \"Statement\": [\n    {\n      \"Sid\": \"EKSWorkerAssumeRole\",\n      \"Effect\": \"Allow\",\n      \"Action\": \"sts:AssumeRole\",\n      \"Principal\": {\n        \"Service\": \"ec2.amazonaws.com\"\n      }\n    }\n  ]\n}",
            "override_json": null,
            "override_policy_documents": null,
            "policy_id": null,
            "source_json": null,
            "source_policy_documents": null,
            "statement": [
              {
                "actions": [
                  "sts:AssumeRole"
                ],
                "condition": [],
                "effect": "Allow",
                "not_actions": [],
                "not_principals": [],
                "not_resources": [],
                "principals": [
                  {
                    "identifiers": [
                      "ec2.amazonaws.com"
                    ],
                    "type": "Service"
                  }
                ],
                "resources": [],
                "sid": "EKSWorkerAssumeRole"
              }
            ],
            "version": "2012-10-17"
          },
          "sensitive_attributes": []
        }
      ]
    },
    {
      "module": "module.eks.module.eks",
      "mode": "data",
      "type": "aws_partition",
      "name": "current",
      "provider": "provider[\"registry.terraform.io/hashicorp/aws\"]",
      "instances": [
        {
          "schema_version": 0,
          "attributes": {
            "dns_suffix": "amazonaws.com",
            "id": "aws",
            "partition": "aws",
            "reverse_dns_prefix": "com.amazonaws"
          },
          "sensitive_attributes": []
        }
      ]
    },
    {
      "module": "module.eks.module.eks",
      "mode": "data",
      "type": "http",
      "name": "wait_for_cluster",
      "provider": "provider[\"registry.terraform.io/terraform-aws-modules/http\"]",
      "instances": [
        {
          "index_key": 0,
          "schema_version": 0,
          "attributes": {
            "body": "ok",
            "ca_certificate": "-----BEGIN CERTIFICATE-----\nMIIC5zCCAc+gAwIBAgIBADANBgkqhkiG9w0BAQsFADAVMRMwEQYDVQQDEwprdWJl\ncm5ldGVzMB4XDTIxMTAzMTE4MzgzN1oXDTMxMTAyOTE4MzgzN1owFTETMBEGA1UE\nAxMKa3ViZXJuZXRlczCCASIwDQYJKoZIhvcNAQEBBQADggEPADCCAQoCggEBAL/A\naxfZWegu91Av20V52j2NisZx3G7LSJrLDRHn4VyipIevYnduUluSs93jsmdXYzge\n54liUYYNbXuZCbFloMMhx6+QsLvI4og/VIegN38qo0XYneyg5QQcduTngdEAJfxl\nYN8c77FcZOnskgBmlUZm3Do39gLY+bISCqPmAciAeuXp86ilGkTQdtHgrZqhPZtX\n2lRuZwKJMnWM2OCcGWdTKcpsir/fU1Xv9mVsHDQudWAncJSOEVOsEU5IE8JL/s2o\nVIqEh5/LNnbUuNztBwZ8bMZhCCPkgSBSgRHI8KxrZQ01A3E672wVbD1imrWObaVG\nNmqU109ULID1YjadUbsCAwEAAaNCMEAwDgYDVR0PAQH/BAQDAgKkMA8GA1UdEwEB\n/wQFMAMBAf8wHQYDVR0OBBYEFPH2aGEPwG3iHxPg9mIixah0BFW6MA0GCSqGSIb3\nDQEBCwUAA4IBAQAPGfymJQnuvFtWX5vAGgRW7NbbRChb42+srZH5XmtXHUURCWBq\nQqQdmp1v52WCIQ/nR6dv9k3ruG6iCYPuu6QNX+o62ZwntB4F3oJRCyQ9MelmNK6B\n19QRdpZsDbL1q9qrgXDBSjZvvlNagII/zXOCEYHNhXxRwUcfPYWVd6bYmxfdDBM/\n3SLjPVYxSC/9V92nVRlTS23A5qY9JHs2yK6F0wsHpzvPXEeREElyLKWMfnmk07Va\n6ZluzdWMtvvON/hUzLZ6fQ1P7LFM3pQepRpZILz0CP19Zp1h3+0b7WguT6/Zpbxp\ndmvEIM/IBwkiSM0LS99WntHYy9l4SRJumb+G\n-----END CERTIFICATE-----\n",
            "id": "https://EBD520DDBD8C1CBB5805FF079B283AF6.gr7.us-east-2.eks.amazonaws.com/healthz",
            "insecure": false,
            "request_headers": null,
            "response_headers": {
              "Cache-Control": "no-cache, private",
              "Content-Length": "2",
              "Content-Type": "text/plain; charset=utf-8",
              "Date": "Sun, 31 Oct 2021 18:42:55 GMT",
              "X-Content-Type-Options": "nosniff",
              "X-Kubernetes-Pf-Flowschema-Uid": "59c944c8-8320-430b-93da-a08140e28f15",
              "X-Kubernetes-Pf-Prioritylevel-Uid": "3883194c-1828-4945-923c-d61931949905"
            },
            "timeout": 300,
            "url": "https://EBD520DDBD8C1CBB5805FF079B283AF6.gr7.us-east-2.eks.amazonaws.com/healthz"
          },
          "sensitive_attributes": []
        }
      ]
    },
    {
      "module": "module.eks.module.eks",
      "mode": "managed",
      "type": "aws_autoscaling_group",
      "name": "workers",
      "provider": "provider[\"registry.terraform.io/hashicorp/aws\"]",
      "instances": [
        {
          "index_key": 0,
          "schema_version": 0,
          "attributes": {
            "arn": "arn:aws:autoscaling:us-east-2:855157247171:autoScalingGroup:72151a83-2a86-4385-bd7b-232999449f99:autoScalingGroupName/airflow-eks-data-bootcamp-worker-group-120211031184311474500000016",
            "availability_zones": [
              "us-east-2a",
              "us-east-2b"
            ],
            "capacity_rebalance": false,
            "default_cooldown": 300,
            "desired_capacity": 2,
            "enabled_metrics": null,
            "force_delete": false,
            "force_delete_warm_pool": false,
            "health_check_grace_period": 300,
            "health_check_type": "EC2",
            "id": "airflow-eks-data-bootcamp-worker-group-120211031184311474500000016",
            "initial_lifecycle_hook": [],
            "instance_refresh": [],
            "launch_configuration": "airflow-eks-data-bootcamp-worker-group-120211031184259967800000014",
            "launch_template": [],
            "load_balancers": null,
            "max_instance_lifetime": 0,
            "max_size": 3,
            "metrics_granularity": "1Minute",
            "min_elb_capacity": null,
            "min_size": 1,
            "mixed_instances_policy": [],
            "name": "airflow-eks-data-bootcamp-worker-group-120211031184311474500000016",
            "name_prefix": "airflow-eks-data-bootcamp-worker-group-1",
            "placement_group": "",
            "protect_from_scale_in": false,
            "service_linked_role_arn": "arn:aws:iam::855157247171:role/aws-service-role/autoscaling.amazonaws.com/AWSServiceRoleForAutoScaling",
            "suspended_processes": [
              "AZRebalance"
            ],
            "tag": [
              {
                "key": "Environment",
                "propagate_at_launch": true,
                "value": "data-bootcamp"
              },
              {
                "key": "GithubOrg",
                "propagate_at_launch": true,
                "value": "terraform-aws-modules"
              },
              {
                "key": "GithubRepo",
                "propagate_at_launch": true,
                "value": "terraform-aws-eks"
              },
              {
                "key": "Name",
                "propagate_at_launch": true,
                "value": "airflow-eks-data-bootcamp-worker-group-1-eks_asg"
              },
              {
                "key": "k8s.io/cluster/airflow-eks-data-bootcamp",
                "propagate_at_launch": true,
                "value": "owned"
              },
              {
                "key": "kubernetes.io/cluster/airflow-eks-data-bootcamp",
                "propagate_at_launch": true,
                "value": "owned"
              }
            ],
            "tags": null,
            "target_group_arns": null,
            "termination_policies": [],
            "timeouts": null,
            "vpc_zone_identifier": [
              "subnet-03a0f3d0fe7d6f049",
              "subnet-079ccfed21acb2cb6"
            ],
            "wait_for_capacity_timeout": "10m",
            "wait_for_elb_capacity": null,
            "warm_pool": []
          },
          "sensitive_attributes": [],
          "private": "eyJlMmJmYjczMC1lY2FhLTExZTYtOGY4OC0zNDM2M2JjN2M0YzAiOnsiZGVsZXRlIjo2MDAwMDAwMDAwMDB9fQ==",
          "dependencies": [
            "module.eks.aws_security_group.worker_group_mgmt_one",
            "module.eks.aws_security_group.worker_group_mgmt_two",
            "module.eks.module.eks.aws_cloudwatch_log_group.this",
            "module.eks.module.eks.aws_eks_cluster.this",
            "module.eks.module.eks.aws_iam_instance_profile.workers",
            "module.eks.module.eks.aws_iam_role.cluster",
            "module.eks.module.eks.aws_iam_role.workers",
            "module.eks.module.eks.aws_iam_role_policy_attachment.cluster_AmazonEKSClusterPolicy",
            "module.eks.module.eks.aws_iam_role_policy_attachment.cluster_AmazonEKSServicePolicy",
            "module.eks.module.eks.aws_iam_role_policy_attachment.cluster_AmazonEKSVPCResourceControllerPolicy",
            "module.eks.module.eks.aws_iam_role_policy_attachment.workers_AmazonEC2ContainerRegistryReadOnly",
            "module.eks.module.eks.aws_iam_role_policy_attachment.workers_AmazonEKSWorkerNodePolicy",
            "module.eks.module.eks.aws_iam_role_policy_attachment.workers_AmazonEKS_CNI_Policy",
            "module.eks.module.eks.aws_iam_role_policy_attachment.workers_additional_policies",
            "module.eks.module.eks.aws_launch_configuration.workers",
            "module.eks.module.eks.aws_security_group.cluster",
            "module.eks.module.eks.aws_security_group.workers",
            "module.eks.module.eks.aws_security_group_rule.cluster_egress_internet",
            "module.eks.module.eks.aws_security_group_rule.cluster_https_worker_ingress",
            "module.eks.module.eks.aws_security_group_rule.cluster_primary_ingress_workers",
            "module.eks.module.eks.aws_security_group_rule.workers_egress_internet",
            "module.eks.module.eks.aws_security_group_rule.workers_ingress_cluster",
            "module.eks.module.eks.aws_security_group_rule.workers_ingress_cluster_https",
            "module.eks.module.eks.aws_security_group_rule.workers_ingress_cluster_kubelet",
            "module.eks.module.eks.aws_security_group_rule.workers_ingress_cluster_primary",
            "module.eks.module.eks.aws_security_group_rule.workers_ingress_self",
            "module.eks.module.eks.data.aws_ami.eks_worker",
            "module.eks.module.eks.data.aws_ami.eks_worker_windows",
            "module.eks.module.eks.data.aws_iam_instance_profile.custom_worker_group_iam_instance_profile",
            "module.eks.module.eks.data.aws_iam_policy_document.cluster_assume_role_policy",
            "module.eks.module.eks.data.aws_iam_policy_document.workers_assume_role_policy",
            "module.eks.module.eks.data.aws_iam_role.custom_cluster_iam_role",
            "module.eks.module.eks.data.aws_partition.current",
            "module.networking.aws_subnet.private_subnet",
            "module.networking.aws_vpc.vpc"
          ],
          "create_before_destroy": true
        },
        {
          "index_key": 1,
          "schema_version": 0,
          "attributes": {
            "arn": "arn:aws:autoscaling:us-east-2:855157247171:autoScalingGroup:acdc7778-36f4-403b-9901-51f46cad4599:autoScalingGroupName/airflow-eks-data-bootcamp-worker-group-220211031184311489400000017",
            "availability_zones": [
              "us-east-2a",
              "us-east-2b"
            ],
            "capacity_rebalance": false,
            "default_cooldown": 300,
            "desired_capacity": 1,
            "enabled_metrics": null,
            "force_delete": false,
            "force_delete_warm_pool": false,
            "health_check_grace_period": 300,
            "health_check_type": "EC2",
            "id": "airflow-eks-data-bootcamp-worker-group-220211031184311489400000017",
            "initial_lifecycle_hook": [],
            "instance_refresh": [],
            "launch_configuration": "airflow-eks-data-bootcamp-worker-group-220211031184259967800000015",
            "launch_template": [],
            "load_balancers": null,
            "max_instance_lifetime": 0,
            "max_size": 3,
            "metrics_granularity": "1Minute",
            "min_elb_capacity": null,
            "min_size": 1,
            "mixed_instances_policy": [],
            "name": "airflow-eks-data-bootcamp-worker-group-220211031184311489400000017",
            "name_prefix": "airflow-eks-data-bootcamp-worker-group-2",
            "placement_group": "",
            "protect_from_scale_in": false,
            "service_linked_role_arn": "arn:aws:iam::855157247171:role/aws-service-role/autoscaling.amazonaws.com/AWSServiceRoleForAutoScaling",
            "suspended_processes": [
              "AZRebalance"
            ],
            "tag": [
              {
                "key": "Environment",
                "propagate_at_launch": true,
                "value": "data-bootcamp"
              },
              {
                "key": "GithubOrg",
                "propagate_at_launch": true,
                "value": "terraform-aws-modules"
              },
              {
                "key": "GithubRepo",
                "propagate_at_launch": true,
                "value": "terraform-aws-eks"
              },
              {
                "key": "Name",
                "propagate_at_launch": true,
                "value": "airflow-eks-data-bootcamp-worker-group-2-eks_asg"
              },
              {
                "key": "k8s.io/cluster/airflow-eks-data-bootcamp",
                "propagate_at_launch": true,
                "value": "owned"
              },
              {
                "key": "kubernetes.io/cluster/airflow-eks-data-bootcamp",
                "propagate_at_launch": true,
                "value": "owned"
              }
            ],
            "tags": null,
            "target_group_arns": null,
            "termination_policies": [],
            "timeouts": null,
            "vpc_zone_identifier": [
              "subnet-03a0f3d0fe7d6f049",
              "subnet-079ccfed21acb2cb6"
            ],
            "wait_for_capacity_timeout": "10m",
            "wait_for_elb_capacity": null,
            "warm_pool": []
          },
          "sensitive_attributes": [],
          "private": "eyJlMmJmYjczMC1lY2FhLTExZTYtOGY4OC0zNDM2M2JjN2M0YzAiOnsiZGVsZXRlIjo2MDAwMDAwMDAwMDB9fQ==",
          "dependencies": [
            "module.eks.aws_security_group.worker_group_mgmt_one",
            "module.eks.aws_security_group.worker_group_mgmt_two",
            "module.eks.module.eks.aws_cloudwatch_log_group.this",
            "module.eks.module.eks.aws_eks_cluster.this",
            "module.eks.module.eks.aws_iam_instance_profile.workers",
            "module.eks.module.eks.aws_iam_role.cluster",
            "module.eks.module.eks.aws_iam_role.workers",
            "module.eks.module.eks.aws_iam_role_policy_attachment.cluster_AmazonEKSClusterPolicy",
            "module.eks.module.eks.aws_iam_role_policy_attachment.cluster_AmazonEKSServicePolicy",
            "module.eks.module.eks.aws_iam_role_policy_attachment.cluster_AmazonEKSVPCResourceControllerPolicy",
            "module.eks.module.eks.aws_iam_role_policy_attachment.workers_AmazonEC2ContainerRegistryReadOnly",
            "module.eks.module.eks.aws_iam_role_policy_attachment.workers_AmazonEKSWorkerNodePolicy",
            "module.eks.module.eks.aws_iam_role_policy_attachment.workers_AmazonEKS_CNI_Policy",
            "module.eks.module.eks.aws_iam_role_policy_attachment.workers_additional_policies",
            "module.eks.module.eks.aws_launch_configuration.workers",
            "module.eks.module.eks.aws_security_group.cluster",
            "module.eks.module.eks.aws_security_group.workers",
            "module.eks.module.eks.aws_security_group_rule.cluster_egress_internet",
            "module.eks.module.eks.aws_security_group_rule.cluster_https_worker_ingress",
            "module.eks.module.eks.aws_security_group_rule.cluster_primary_ingress_workers",
            "module.eks.module.eks.aws_security_group_rule.workers_egress_internet",
            "module.eks.module.eks.aws_security_group_rule.workers_ingress_cluster",
            "module.eks.module.eks.aws_security_group_rule.workers_ingress_cluster_https",
            "module.eks.module.eks.aws_security_group_rule.workers_ingress_cluster_kubelet",
            "module.eks.module.eks.aws_security_group_rule.workers_ingress_cluster_primary",
            "module.eks.module.eks.aws_security_group_rule.workers_ingress_self",
            "module.eks.module.eks.data.aws_ami.eks_worker",
            "module.eks.module.eks.data.aws_ami.eks_worker_windows",
            "module.eks.module.eks.data.aws_iam_instance_profile.custom_worker_group_iam_instance_profile",
            "module.eks.module.eks.data.aws_iam_policy_document.cluster_assume_role_policy",
            "module.eks.module.eks.data.aws_iam_policy_document.workers_assume_role_policy",
            "module.eks.module.eks.data.aws_iam_role.custom_cluster_iam_role",
            "module.eks.module.eks.data.aws_partition.current",
            "module.networking.aws_subnet.private_subnet",
            "module.networking.aws_vpc.vpc"
          ],
          "create_before_destroy": true
        }
      ]
    },
    {
      "module": "module.eks.module.eks",
      "mode": "managed",
      "type": "aws_eks_cluster",
      "name": "this",
      "provider": "provider[\"registry.terraform.io/hashicorp/aws\"]",
      "instances": [
        {
          "index_key": 0,
          "schema_version": 0,
          "attributes": {
            "arn": "arn:aws:eks:us-east-2:855157247171:cluster/airflow-eks-data-bootcamp",
            "certificate_authority": [
              {
                "data": "LS0tLS1CRUdJTiBDRVJUSUZJQ0FURS0tLS0tCk1JSUM1ekNDQWMrZ0F3SUJBZ0lCQURBTkJna3Foa2lHOXcwQkFRc0ZBREFWTVJNd0VRWURWUVFERXdwcmRXSmwKY201bGRHVnpNQjRYRFRJeE1UQXpNVEU0TXpnek4xb1hEVE14TVRBeU9URTRNemd6TjFvd0ZURVRNQkVHQTFVRQpBeE1LYTNWaVpYSnVaWFJsY3pDQ0FTSXdEUVlKS29aSWh2Y05BUUVCQlFBRGdnRVBBRENDQVFvQ2dnRUJBTC9BCmF4ZlpXZWd1OTFBdjIwVjUyajJOaXNaeDNHN0xTSnJMRFJIbjRWeWlwSWV2WW5kdVVsdVNzOTNqc21kWFl6Z2UKNTRsaVVZWU5iWHVaQ2JGbG9NTWh4NitRc0x2STRvZy9WSWVnTjM4cW8wWFluZXlnNVFRY2R1VG5nZEVBSmZ4bApZTjhjNzdGY1pPbnNrZ0JtbFVabTNEbzM5Z0xZK2JJU0NxUG1BY2lBZXVYcDg2aWxHa1RRZHRIZ3JacWhQWnRYCjJsUnVad0tKTW5XTTJPQ2NHV2RUS2Nwc2lyL2ZVMVh2OW1Wc0hEUXVkV0FuY0pTT0VWT3NFVTVJRThKTC9zMm8KVklxRWg1L0xObmJVdU56dEJ3WjhiTVpoQ0NQa2dTQlNnUkhJOEt4clpRMDFBM0U2NzJ3VmJEMWltcldPYmFWRwpObXFVMTA5VUxJRDFZamFkVWJzQ0F3RUFBYU5DTUVBd0RnWURWUjBQQVFIL0JBUURBZ0trTUE4R0ExVWRFd0VCCi93UUZNQU1CQWY4d0hRWURWUjBPQkJZRUZQSDJhR0VQd0czaUh4UGc5bUlpeGFoMEJGVzZNQTBHQ1NxR1NJYjMKRFFFQkN3VUFBNElCQVFBUEdmeW1KUW51dkZ0V1g1dkFHZ1JXN05iYlJDaGI0MitzclpINVhtdFhIVVVSQ1dCcQpRcVFkbXAxdjUyV0NJUS9uUjZkdjlrM3J1RzZpQ1lQdXU2UU5YK282Mlp3bnRCNEYzb0pSQ3lROU1lbG1OSzZCCjE5UVJkcFpzRGJMMXE5cXJnWERCU2padnZsTmFnSUkvelhPQ0VZSE5oWHhSd1VjZlBZV1ZkNmJZbXhmZERCTS8KM1NMalBWWXhTQy85VjkyblZSbFRTMjNBNXFZOUpIczJ5SzZGMHdzSHB6dlBYRWVSRUVseUxLV01mbm1rMDdWYQo2Wmx1emRXTXR2dk9OL2hVekxaNmZRMVA3TEZNM3BRZXBScFpJTHowQ1AxOVpwMWgzKzBiN1dndVQ2L1pwYnhwCmRtdkVJTS9JQndraVNNMExTOTlXbnRIWXk5bDRTUkp1bWIrRwotLS0tLUVORCBDRVJUSUZJQ0FURS0tLS0tCg=="
              }
            ],
            "created_at": "2021-10-31 18:32:13.376 +0000 UTC",
            "enabled_cluster_log_types": null,
            "encryption_config": [],
            "endpoint": "https://EBD520DDBD8C1CBB5805FF079B283AF6.gr7.us-east-2.eks.amazonaws.com",
            "id": "airflow-eks-data-bootcamp",
            "identity": [
              {
                "oidc": [
                  {
                    "issuer": "https://oidc.eks.us-east-2.amazonaws.com/id/EBD520DDBD8C1CBB5805FF079B283AF6"
                  }
                ]
              }
            ],
            "kubernetes_network_config": [
              {
                "service_ipv4_cidr": "172.20.0.0/16"
              }
            ],
            "name": "airflow-eks-data-bootcamp",
            "platform_version": "eks.2",
            "role_arn": "arn:aws:iam::855157247171:role/airflow-eks-data-bootcamp20211031183152958300000002",
            "status": "ACTIVE",
            "tags": {
              "Environment": "data-bootcamp",
              "GithubOrg": "terraform-aws-modules",
              "GithubRepo": "terraform-aws-eks"
            },
            "tags_all": {
              "Environment": "data-bootcamp",
              "GithubOrg": "terraform-aws-modules",
              "GithubRepo": "terraform-aws-eks"
            },
            "timeouts": {
              "create": "30m",
              "delete": "15m",
              "update": "60m"
            },
            "version": "1.20",
            "vpc_config": [
              {
                "cluster_security_group_id": "sg-0c96b30c543f5a373",
                "endpoint_private_access": false,
                "endpoint_public_access": true,
                "public_access_cidrs": [
                  "0.0.0.0/0"
                ],
                "security_group_ids": [
                  "sg-0a3794c1f1aefba34"
                ],
                "subnet_ids": [
                  "subnet-03a0f3d0fe7d6f049",
                  "subnet-079ccfed21acb2cb6"
                ],
                "vpc_id": "vpc-051dee3a395c1136c"
              }
            ]
          },
          "sensitive_attributes": [],
          "private": "eyJlMmJmYjczMC1lY2FhLTExZTYtOGY4OC0zNDM2M2JjN2M0YzAiOnsiY3JlYXRlIjoxODAwMDAwMDAwMDAwLCJkZWxldGUiOjkwMDAwMDAwMDAwMCwidXBkYXRlIjozNjAwMDAwMDAwMDAwfX0=",
          "dependencies": [
            "module.eks.module.eks.aws_cloudwatch_log_group.this",
            "module.eks.module.eks.aws_iam_role.cluster",
            "module.eks.module.eks.aws_iam_role_policy_attachment.cluster_AmazonEKSClusterPolicy",
            "module.eks.module.eks.aws_iam_role_policy_attachment.cluster_AmazonEKSServicePolicy",
            "module.eks.module.eks.aws_iam_role_policy_attachment.cluster_AmazonEKSVPCResourceControllerPolicy",
            "module.eks.module.eks.aws_security_group.cluster",
            "module.eks.module.eks.aws_security_group.workers",
            "module.eks.module.eks.aws_security_group_rule.cluster_egress_internet",
            "module.eks.module.eks.aws_security_group_rule.cluster_https_worker_ingress",
            "module.eks.module.eks.data.aws_iam_policy_document.cluster_assume_role_policy",
            "module.eks.module.eks.data.aws_iam_role.custom_cluster_iam_role",
            "module.eks.module.eks.data.aws_partition.current",
            "module.networking.aws_subnet.private_subnet",
            "module.networking.aws_vpc.vpc"
          ],
          "create_before_destroy": true
        }
      ]
    },
    {
      "module": "module.eks.module.eks",
      "mode": "managed",
      "type": "aws_iam_instance_profile",
      "name": "workers",
      "provider": "provider[\"registry.terraform.io/hashicorp/aws\"]",
      "instances": [
        {
          "index_key": 0,
          "schema_version": 0,
          "attributes": {
            "arn": "arn:aws:iam::855157247171:instance-profile/airflow-eks-data-bootcamp20211031184258305400000010",
            "create_date": "2021-10-31T18:42:56Z",
            "id": "airflow-eks-data-bootcamp20211031184258305400000010",
            "name": "airflow-eks-data-bootcamp20211031184258305400000010",
            "name_prefix": "airflow-eks-data-bootcamp",
            "path": "/",
            "role": "airflow-eks-data-bootcamp2021103118425661340000000e",
            "tags": {
              "Environment": "data-bootcamp",
              "GithubOrg": "terraform-aws-modules",
              "GithubRepo": "terraform-aws-eks"
            },
            "tags_all": {
              "Environment": "data-bootcamp",
              "GithubOrg": "terraform-aws-modules",
              "GithubRepo": "terraform-aws-eks"
            },
            "unique_id": "AIPA4OG2YBTBZIAHFY257"
          },
          "sensitive_attributes": [],
          "private": "bnVsbA==",
          "dependencies": [
            "module.eks.aws_security_group.worker_group_mgmt_one",
            "module.eks.aws_security_group.worker_group_mgmt_two",
            "module.eks.module.eks.aws_cloudwatch_log_group.this",
            "module.eks.module.eks.aws_eks_cluster.this",
            "module.eks.module.eks.aws_iam_role.cluster",
            "module.eks.module.eks.aws_iam_role.workers",
            "module.eks.module.eks.aws_iam_role_policy_attachment.cluster_AmazonEKSClusterPolicy",
            "module.eks.module.eks.aws_iam_role_policy_attachment.cluster_AmazonEKSServicePolicy",
            "module.eks.module.eks.aws_iam_role_policy_attachment.cluster_AmazonEKSVPCResourceControllerPolicy",
            "module.eks.module.eks.aws_security_group.cluster",
            "module.eks.module.eks.aws_security_group.workers",
            "module.eks.module.eks.aws_security_group_rule.cluster_egress_internet",
            "module.eks.module.eks.aws_security_group_rule.cluster_https_worker_ingress",
            "module.eks.module.eks.data.aws_iam_policy_document.cluster_assume_role_policy",
            "module.eks.module.eks.data.aws_iam_policy_document.workers_assume_role_policy",
            "module.eks.module.eks.data.aws_iam_role.custom_cluster_iam_role",
            "module.eks.module.eks.data.aws_partition.current",
            "module.networking.aws_subnet.private_subnet",
            "module.networking.aws_vpc.vpc"
          ],
          "create_before_destroy": true
        },
        {
          "index_key": 1,
          "schema_version": 0,
          "attributes": {
            "arn": "arn:aws:iam::855157247171:instance-profile/airflow-eks-data-bootcamp2021103118425830540000000f",
            "create_date": "2021-10-31T18:42:56Z",
            "id": "airflow-eks-data-bootcamp2021103118425830540000000f",
            "name": "airflow-eks-data-bootcamp2021103118425830540000000f",
            "name_prefix": "airflow-eks-data-bootcamp",
            "path": "/",
            "role": "airflow-eks-data-bootcamp2021103118425661340000000e",
            "tags": {
              "Environment": "data-bootcamp",
              "GithubOrg": "terraform-aws-modules",
              "GithubRepo": "terraform-aws-eks"
            },
            "tags_all": {
              "Environment": "data-bootcamp",
              "GithubOrg": "terraform-aws-modules",
              "GithubRepo": "terraform-aws-eks"
            },
            "unique_id": "AIPA4OG2YBTB2P35BQTUU"
          },
          "sensitive_attributes": [],
          "private": "bnVsbA==",
          "dependencies": [
            "module.eks.aws_security_group.worker_group_mgmt_one",
            "module.eks.aws_security_group.worker_group_mgmt_two",
            "module.eks.module.eks.aws_cloudwatch_log_group.this",
            "module.eks.module.eks.aws_eks_cluster.this",
            "module.eks.module.eks.aws_iam_role.cluster",
            "module.eks.module.eks.aws_iam_role.workers",
            "module.eks.module.eks.aws_iam_role_policy_attachment.cluster_AmazonEKSClusterPolicy",
            "module.eks.module.eks.aws_iam_role_policy_attachment.cluster_AmazonEKSServicePolicy",
            "module.eks.module.eks.aws_iam_role_policy_attachment.cluster_AmazonEKSVPCResourceControllerPolicy",
            "module.eks.module.eks.aws_security_group.cluster",
            "module.eks.module.eks.aws_security_group.workers",
            "module.eks.module.eks.aws_security_group_rule.cluster_egress_internet",
            "module.eks.module.eks.aws_security_group_rule.cluster_https_worker_ingress",
            "module.eks.module.eks.data.aws_iam_policy_document.cluster_assume_role_policy",
            "module.eks.module.eks.data.aws_iam_policy_document.workers_assume_role_policy",
            "module.eks.module.eks.data.aws_iam_role.custom_cluster_iam_role",
            "module.eks.module.eks.data.aws_partition.current",
            "module.networking.aws_subnet.private_subnet",
            "module.networking.aws_vpc.vpc"
          ],
          "create_before_destroy": true
        }
      ]
    },
    {
      "module": "module.eks.module.eks",
      "mode": "managed",
      "type": "aws_iam_policy",
      "name": "cluster_elb_sl_role_creation",
      "provider": "provider[\"registry.terraform.io/hashicorp/aws\"]",
      "instances": [
        {
          "index_key": 0,
          "schema_version": 0,
          "attributes": {
            "arn": "arn:aws:iam::855157247171:policy/airflow-eks-data-bootcamp-elb-sl-role-creation20211031183152957300000001",
            "description": "Permissions for EKS to create AWSServiceRoleForElasticLoadBalancing service-linked role",
            "id": "arn:aws:iam::855157247171:policy/airflow-eks-data-bootcamp-elb-sl-role-creation20211031183152957300000001",
            "name": "airflow-eks-data-bootcamp-elb-sl-role-creation20211031183152957300000001",
            "name_prefix": "airflow-eks-data-bootcamp-elb-sl-role-creation",
            "path": "/",
            "policy": "{\n  \"Version\": \"2012-10-17\",\n  \"Statement\": [\n    {\n      \"Sid\": \"\",\n      \"Effect\": \"Allow\",\n      \"Action\": [\n        \"ec2:DescribeInternetGateways\",\n        \"ec2:DescribeAddresses\",\n        \"ec2:DescribeAccountAttributes\"\n      ],\n      \"Resource\": \"*\"\n    }\n  ]\n}",
            "policy_id": "ANPA4OG2YBTBUFDXWV3VV",
            "tags": {
              "Environment": "data-bootcamp",
              "GithubOrg": "terraform-aws-modules",
              "GithubRepo": "terraform-aws-eks"
            },
            "tags_all": {
              "Environment": "data-bootcamp",
              "GithubOrg": "terraform-aws-modules",
              "GithubRepo": "terraform-aws-eks"
            }
          },
          "sensitive_attributes": [],
          "private": "bnVsbA==",
          "dependencies": [
            "module.eks.module.eks.data.aws_iam_policy_document.cluster_elb_sl_role_creation"
          ]
        }
      ]
    },
    {
      "module": "module.eks.module.eks",
      "mode": "managed",
      "type": "aws_iam_role",
      "name": "cluster",
      "provider": "provider[\"registry.terraform.io/hashicorp/aws\"]",
      "instances": [
        {
          "index_key": 0,
          "schema_version": 0,
          "attributes": {
            "arn": "arn:aws:iam::855157247171:role/airflow-eks-data-bootcamp20211031183152958300000002",
            "assume_role_policy": "{\"Version\":\"2012-10-17\",\"Statement\":[{\"Sid\":\"EKSClusterAssumeRole\",\"Effect\":\"Allow\",\"Principal\":{\"Service\":\"eks.amazonaws.com\"},\"Action\":\"sts:AssumeRole\"}]}",
            "create_date": "2021-10-31T18:31:51Z",
            "description": "",
            "force_detach_policies": true,
            "id": "airflow-eks-data-bootcamp20211031183152958300000002",
            "inline_policy": [
              {
                "name": "",
                "policy": ""
              }
            ],
            "managed_policy_arns": [],
            "max_session_duration": 3600,
            "name": "airflow-eks-data-bootcamp20211031183152958300000002",
            "name_prefix": "airflow-eks-data-bootcamp",
            "path": "/",
            "permissions_boundary": null,
            "tags": {
              "Environment": "data-bootcamp",
              "GithubOrg": "terraform-aws-modules",
              "GithubRepo": "terraform-aws-eks"
            },
            "tags_all": {
              "Environment": "data-bootcamp",
              "GithubOrg": "terraform-aws-modules",
              "GithubRepo": "terraform-aws-eks"
            },
            "unique_id": "AROA4OG2YBTBXFHZBSAF7"
          },
          "sensitive_attributes": [],
          "private": "bnVsbA==",
          "dependencies": [
            "module.eks.module.eks.data.aws_iam_policy_document.cluster_assume_role_policy"
          ],
          "create_before_destroy": true
        }
      ]
    },
    {
      "module": "module.eks.module.eks",
      "mode": "managed",
      "type": "aws_iam_role",
      "name": "workers",
      "provider": "provider[\"registry.terraform.io/hashicorp/aws\"]",
      "instances": [
        {
          "index_key": 0,
          "schema_version": 0,
          "attributes": {
            "arn": "arn:aws:iam::855157247171:role/airflow-eks-data-bootcamp2021103118425661340000000e",
            "assume_role_policy": "{\"Version\":\"2012-10-17\",\"Statement\":[{\"Sid\":\"EKSWorkerAssumeRole\",\"Effect\":\"Allow\",\"Principal\":{\"Service\":\"ec2.amazonaws.com\"},\"Action\":\"sts:AssumeRole\"}]}",
            "create_date": "2021-10-31T18:42:54Z",
            "description": "",
            "force_detach_policies": true,
            "id": "airflow-eks-data-bootcamp2021103118425661340000000e",
            "inline_policy": [
              {
                "name": "",
                "policy": ""
              }
            ],
            "managed_policy_arns": [],
            "max_session_duration": 3600,
            "name": "airflow-eks-data-bootcamp2021103118425661340000000e",
            "name_prefix": "airflow-eks-data-bootcamp",
            "path": "/",
            "permissions_boundary": null,
            "tags": {
              "Environment": "data-bootcamp",
              "GithubOrg": "terraform-aws-modules",
              "GithubRepo": "terraform-aws-eks"
            },
            "tags_all": {
              "Environment": "data-bootcamp",
              "GithubOrg": "terraform-aws-modules",
              "GithubRepo": "terraform-aws-eks"
            },
            "unique_id": "AROA4OG2YBTB2XWLDSPOO"
          },
          "sensitive_attributes": [],
          "private": "bnVsbA==",
          "dependencies": [
            "module.eks.module.eks.aws_cloudwatch_log_group.this",
            "module.eks.module.eks.aws_eks_cluster.this",
            "module.eks.module.eks.aws_iam_role.cluster",
            "module.eks.module.eks.aws_iam_role_policy_attachment.cluster_AmazonEKSClusterPolicy",
            "module.eks.module.eks.aws_iam_role_policy_attachment.cluster_AmazonEKSServicePolicy",
            "module.eks.module.eks.aws_iam_role_policy_attachment.cluster_AmazonEKSVPCResourceControllerPolicy",
            "module.eks.module.eks.aws_security_group.cluster",
            "module.eks.module.eks.aws_security_group.workers",
            "module.eks.module.eks.aws_security_group_rule.cluster_egress_internet",
            "module.eks.module.eks.aws_security_group_rule.cluster_https_worker_ingress",
            "module.eks.module.eks.data.aws_iam_policy_document.cluster_assume_role_policy",
            "module.eks.module.eks.data.aws_iam_policy_document.workers_assume_role_policy",
            "module.eks.module.eks.data.aws_iam_role.custom_cluster_iam_role",
            "module.eks.module.eks.data.aws_partition.current",
            "module.networking.aws_subnet.private_subnet",
            "module.networking.aws_vpc.vpc"
          ],
          "create_before_destroy": true
        }
      ]
    },
    {
      "module": "module.eks.module.eks",
      "mode": "managed",
      "type": "aws_iam_role_policy_attachment",
      "name": "cluster_AmazonEKSClusterPolicy",
      "provider": "provider[\"registry.terraform.io/hashicorp/aws\"]",
      "instances": [
        {
          "index_key": 0,
          "schema_version": 0,
          "attributes": {
            "id": "airflow-eks-data-bootcamp20211031183152958300000002-20211031183155181300000007",
            "policy_arn": "arn:aws:iam::aws:policy/AmazonEKSClusterPolicy",
            "role": "airflow-eks-data-bootcamp20211031183152958300000002"
          },
          "sensitive_attributes": [],
          "private": "bnVsbA==",
          "dependencies": [
            "module.eks.module.eks.aws_iam_role.cluster",
            "module.eks.module.eks.data.aws_iam_policy_document.cluster_assume_role_policy",
            "module.eks.module.eks.data.aws_partition.current"
          ],
          "create_before_destroy": true
        }
      ]
    },
    {
      "module": "module.eks.module.eks",
      "mode": "managed",
      "type": "aws_iam_role_policy_attachment",
      "name": "cluster_AmazonEKSServicePolicy",
      "provider": "provider[\"registry.terraform.io/hashicorp/aws\"]",
      "instances": [
        {
          "index_key": 0,
          "schema_version": 0,
          "attributes": {
            "id": "airflow-eks-data-bootcamp20211031183152958300000002-20211031183155180300000005",
            "policy_arn": "arn:aws:iam::aws:policy/AmazonEKSServicePolicy",
            "role": "airflow-eks-data-bootcamp20211031183152958300000002"
          },
          "sensitive_attributes": [],
          "private": "bnVsbA==",
          "dependencies": [
            "module.eks.module.eks.aws_iam_role.cluster",
            "module.eks.module.eks.data.aws_iam_policy_document.cluster_assume_role_policy",
            "module.eks.module.eks.data.aws_partition.current"
          ],
          "create_before_destroy": true
        }
      ]
    },
    {
      "module": "module.eks.module.eks",
      "mode": "managed",
      "type": "aws_iam_role_policy_attachment",
      "name": "cluster_AmazonEKSVPCResourceControllerPolicy",
      "provider": "provider[\"registry.terraform.io/hashicorp/aws\"]",
      "instances": [
        {
          "index_key": 0,
          "schema_version": 0,
          "attributes": {
            "id": "airflow-eks-data-bootcamp20211031183152958300000002-20211031183155181300000006",
            "policy_arn": "arn:aws:iam::aws:policy/AmazonEKSVPCResourceController",
            "role": "airflow-eks-data-bootcamp20211031183152958300000002"
          },
          "sensitive_attributes": [],
          "private": "bnVsbA==",
          "dependencies": [
            "module.eks.module.eks.aws_iam_role.cluster",
            "module.eks.module.eks.data.aws_iam_policy_document.cluster_assume_role_policy",
            "module.eks.module.eks.data.aws_partition.current"
          ],
          "create_before_destroy": true
        }
      ]
    },
    {
      "module": "module.eks.module.eks",
      "mode": "managed",
      "type": "aws_iam_role_policy_attachment",
      "name": "cluster_elb_sl_role_creation",
      "provider": "provider[\"registry.terraform.io/hashicorp/aws\"]",
      "instances": [
        {
          "index_key": 0,
          "schema_version": 0,
          "attributes": {
            "id": "airflow-eks-data-bootcamp20211031183152958300000002-20211031183155179300000004",
            "policy_arn": "arn:aws:iam::855157247171:policy/airflow-eks-data-bootcamp-elb-sl-role-creation20211031183152957300000001",
            "role": "airflow-eks-data-bootcamp20211031183152958300000002"
          },
          "sensitive_attributes": [],
          "private": "bnVsbA==",
          "dependencies": [
            "module.eks.module.eks.aws_iam_policy.cluster_elb_sl_role_creation",
            "module.eks.module.eks.aws_iam_role.cluster",
            "module.eks.module.eks.data.aws_iam_policy_document.cluster_assume_role_policy",
            "module.eks.module.eks.data.aws_iam_policy_document.cluster_elb_sl_role_creation"
          ]
        }
      ]
    },
    {
      "module": "module.eks.module.eks",
      "mode": "managed",
      "type": "aws_iam_role_policy_attachment",
      "name": "workers_AmazonEC2ContainerRegistryReadOnly",
      "provider": "provider[\"registry.terraform.io/hashicorp/aws\"]",
      "instances": [
        {
          "index_key": 0,
          "schema_version": 0,
          "attributes": {
            "id": "airflow-eks-data-bootcamp2021103118425661340000000e-20211031184258729900000012",
            "policy_arn": "arn:aws:iam::aws:policy/AmazonEC2ContainerRegistryReadOnly",
            "role": "airflow-eks-data-bootcamp2021103118425661340000000e"
          },
          "sensitive_attributes": [],
          "private": "bnVsbA==",
          "dependencies": [
            "module.eks.module.eks.aws_cloudwatch_log_group.this",
            "module.eks.module.eks.aws_eks_cluster.this",
            "module.eks.module.eks.aws_iam_role.cluster",
            "module.eks.module.eks.aws_iam_role.workers",
            "module.eks.module.eks.aws_iam_role_policy_attachment.cluster_AmazonEKSClusterPolicy",
            "module.eks.module.eks.aws_iam_role_policy_attachment.cluster_AmazonEKSServicePolicy",
            "module.eks.module.eks.aws_iam_role_policy_attachment.cluster_AmazonEKSVPCResourceControllerPolicy",
            "module.eks.module.eks.aws_security_group.cluster",
            "module.eks.module.eks.aws_security_group.workers",
            "module.eks.module.eks.aws_security_group_rule.cluster_egress_internet",
            "module.eks.module.eks.aws_security_group_rule.cluster_https_worker_ingress",
            "module.eks.module.eks.data.aws_iam_policy_document.cluster_assume_role_policy",
            "module.eks.module.eks.data.aws_iam_policy_document.workers_assume_role_policy",
            "module.eks.module.eks.data.aws_iam_role.custom_cluster_iam_role",
            "module.eks.module.eks.data.aws_partition.current",
            "module.networking.aws_subnet.private_subnet",
            "module.networking.aws_vpc.vpc"
          ],
          "create_before_destroy": true
        }
      ]
    },
    {
      "module": "module.eks.module.eks",
      "mode": "managed",
      "type": "aws_iam_role_policy_attachment",
      "name": "workers_AmazonEKSWorkerNodePolicy",
      "provider": "provider[\"registry.terraform.io/hashicorp/aws\"]",
      "instances": [
        {
          "index_key": 0,
          "schema_version": 0,
          "attributes": {
            "id": "airflow-eks-data-bootcamp2021103118425661340000000e-20211031184258756200000013",
            "policy_arn": "arn:aws:iam::aws:policy/AmazonEKSWorkerNodePolicy",
            "role": "airflow-eks-data-bootcamp2021103118425661340000000e"
          },
          "sensitive_attributes": [],
          "private": "bnVsbA==",
          "dependencies": [
            "module.eks.module.eks.aws_cloudwatch_log_group.this",
            "module.eks.module.eks.aws_eks_cluster.this",
            "module.eks.module.eks.aws_iam_role.cluster",
            "module.eks.module.eks.aws_iam_role.workers",
            "module.eks.module.eks.aws_iam_role_policy_attachment.cluster_AmazonEKSClusterPolicy",
            "module.eks.module.eks.aws_iam_role_policy_attachment.cluster_AmazonEKSServicePolicy",
            "module.eks.module.eks.aws_iam_role_policy_attachment.cluster_AmazonEKSVPCResourceControllerPolicy",
            "module.eks.module.eks.aws_security_group.cluster",
            "module.eks.module.eks.aws_security_group.workers",
            "module.eks.module.eks.aws_security_group_rule.cluster_egress_internet",
            "module.eks.module.eks.aws_security_group_rule.cluster_https_worker_ingress",
            "module.eks.module.eks.data.aws_iam_policy_document.cluster_assume_role_policy",
            "module.eks.module.eks.data.aws_iam_policy_document.workers_assume_role_policy",
            "module.eks.module.eks.data.aws_iam_role.custom_cluster_iam_role",
            "module.eks.module.eks.data.aws_partition.current",
            "module.networking.aws_subnet.private_subnet",
            "module.networking.aws_vpc.vpc"
          ],
          "create_before_destroy": true
        }
      ]
    },
    {
      "module": "module.eks.module.eks",
      "mode": "managed",
      "type": "aws_iam_role_policy_attachment",
      "name": "workers_AmazonEKS_CNI_Policy",
      "provider": "provider[\"registry.terraform.io/hashicorp/aws\"]",
      "instances": [
        {
          "index_key": 0,
          "schema_version": 0,
          "attributes": {
            "id": "airflow-eks-data-bootcamp2021103118425661340000000e-20211031184258714000000011",
            "policy_arn": "arn:aws:iam::aws:policy/AmazonEKS_CNI_Policy",
            "role": "airflow-eks-data-bootcamp2021103118425661340000000e"
          },
          "sensitive_attributes": [],
          "private": "bnVsbA==",
          "dependencies": [
            "module.eks.module.eks.aws_cloudwatch_log_group.this",
            "module.eks.module.eks.aws_eks_cluster.this",
            "module.eks.module.eks.aws_iam_role.cluster",
            "module.eks.module.eks.aws_iam_role.workers",
            "module.eks.module.eks.aws_iam_role_policy_attachment.cluster_AmazonEKSClusterPolicy",
            "module.eks.module.eks.aws_iam_role_policy_attachment.cluster_AmazonEKSServicePolicy",
            "module.eks.module.eks.aws_iam_role_policy_attachment.cluster_AmazonEKSVPCResourceControllerPolicy",
            "module.eks.module.eks.aws_security_group.cluster",
            "module.eks.module.eks.aws_security_group.workers",
            "module.eks.module.eks.aws_security_group_rule.cluster_egress_internet",
            "module.eks.module.eks.aws_security_group_rule.cluster_https_worker_ingress",
            "module.eks.module.eks.data.aws_iam_policy_document.cluster_assume_role_policy",
            "module.eks.module.eks.data.aws_iam_policy_document.workers_assume_role_policy",
            "module.eks.module.eks.data.aws_iam_role.custom_cluster_iam_role",
            "module.eks.module.eks.data.aws_partition.current",
            "module.networking.aws_subnet.private_subnet",
            "module.networking.aws_vpc.vpc"
          ],
          "create_before_destroy": true
        }
      ]
    },
    {
      "module": "module.eks.module.eks",
      "mode": "managed",
      "type": "aws_launch_configuration",
      "name": "workers",
      "provider": "provider[\"registry.terraform.io/hashicorp/aws\"]",
      "instances": [
        {
          "index_key": 0,
          "schema_version": 0,
          "attributes": {
            "arn": "arn:aws:autoscaling:us-east-2:855157247171:launchConfiguration:2148ab13-8f92-4cca-a143-73be36b06dab:launchConfigurationName/airflow-eks-data-bootcamp-worker-group-120211031184259967800000014",
            "associate_public_ip_address": false,
            "ebs_block_device": [],
            "ebs_optimized": false,
            "enable_monitoring": true,
            "ephemeral_block_device": [],
            "iam_instance_profile": "airflow-eks-data-bootcamp20211031184258305400000010",
            "id": "airflow-eks-data-bootcamp-worker-group-120211031184259967800000014",
            "image_id": "ami-0abbd217a24c16672",
            "instance_type": "t2.small",
            "key_name": "",
            "metadata_options": [
              {
                "http_endpoint": "enabled",
                "http_put_response_hop_limit": 1,
                "http_tokens": "optional"
              }
            ],
            "name": "airflow-eks-data-bootcamp-worker-group-120211031184259967800000014",
            "name_prefix": "airflow-eks-data-bootcamp-worker-group-1",
            "placement_tenancy": "",
            "root_block_device": [
              {
                "delete_on_termination": true,
                "encrypted": false,
                "iops": 0,
                "throughput": 0,
                "volume_size": 100,
                "volume_type": "gp2"
              }
            ],
            "security_groups": [
              "sg-0401200e649dc646d",
              "sg-0f76835dfde025e39"
            ],
            "spot_price": "",
            "user_data": null,
            "user_data_base64": "IyEvYmluL2Jhc2ggLWUNCg0KIyBBbGxvdyB1c2VyIHN1cHBsaWVkIHByZSB1c2VyZGF0YSBjb2RlDQoNCg0KIyBCb290c3RyYXAgYW5kIGpvaW4gdGhlIGNsdXN0ZXINCi9ldGMvZWtzL2Jvb3RzdHJhcC5zaCAtLWI2NC1jbHVzdGVyLWNhICdMUzB0TFMxQ1JVZEpUaUJEUlZKVVNVWkpRMEZVUlMwdExTMHRDazFKU1VNMWVrTkRRV01yWjBGM1NVSkJaMGxDUVVSQlRrSm5hM0ZvYTJsSE9YY3dRa0ZSYzBaQlJFRldUVkpOZDBWUldVUldVVkZFUlhkd2NtUlhTbXdLWTIwMWJHUkhWbnBOUWpSWVJGUkplRTFVUVhwTlZFVTBUWHBuZWs0eGIxaEVWRTE0VFZSQmVVOVVSVFJOZW1kNlRqRnZkMFpVUlZSTlFrVkhRVEZWUlFwQmVFMUxZVE5XYVZwWVNuVmFXRkpzWTNwRFEwRlRTWGRFVVZsS1MyOWFTV2gyWTA1QlVVVkNRbEZCUkdkblJWQkJSRU5EUVZGdlEyZG5SVUpCVEM5QkNtRjRabHBYWldkMU9URkJkakl3VmpVeWFqSk9hWE5hZUROSE4weFRTbkpNUkZKSWJqUldlV2x3U1dWMldXNWtkVlZzZFZOek9UTnFjMjFrV0ZsNloyVUtOVFJzYVZWWldVNWlXSFZhUTJKR2JHOU5UV2g0Tml0UmMweDJTVFJ2Wnk5V1NXVm5Uak00Y1c4d1dGbHVaWGxuTlZGUlkyUjFWRzVuWkVWQlNtWjRiQXBaVGpoak56ZEdZMXBQYm5OclowSnRiRlZhYlRORWJ6TTVaMHhaSzJKSlUwTnhVRzFCWTJsQlpYVlljRGcyYVd4SGExUlJaSFJJWjNKYWNXaFFXblJZQ2pKc1VuVmFkMHRLVFc1WFRUSlBRMk5IVjJSVVMyTndjMmx5TDJaVk1WaDJPVzFXYzBoRVVYVmtWMEZ1WTBwVFQwVldUM05GVlRWSlJUaEtUQzl6TW04S1ZrbHhSV2cxTDB4T2JtSlZkVTU2ZEVKM1dqaGlUVnBvUTBOUWEyZFRRbE5uVWtoSk9FdDRjbHBSTURGQk0wVTJOekozVm1KRU1XbHRjbGRQWW1GV1J3cE9iWEZWTVRBNVZVeEpSREZaYW1Ga1ZXSnpRMEYzUlVGQllVNURUVVZCZDBSbldVUldVakJRUVZGSUwwSkJVVVJCWjB0clRVRTRSMEV4VldSRmQwVkNDaTkzVVVaTlFVMUNRV1k0ZDBoUldVUldVakJQUWtKWlJVWlFTREpoUjBWUWQwY3phVWg0VUdjNWJVbHBlR0ZvTUVKR1Z6Wk5RVEJIUTFOeFIxTkpZak1LUkZGRlFrTjNWVUZCTkVsQ1FWRkJVRWRtZVcxS1VXNTFka1owVjFnMWRrRkhaMUpYTjA1aVlsSkRhR0kwTWl0emNscElOVmh0ZEZoSVZWVlNRMWRDY1FwUmNWRmtiWEF4ZGpVeVYwTkpVUzl1VWpaa2RqbHJNM0oxUnpacFExbFFkWFUyVVU1WUsyODJNbHAzYm5SQ05FWXpiMHBTUTNsUk9VMWxiRzFPU3paQ0NqRTVVVkprY0ZwelJHSk1NWEU1Y1hKbldFUkNVMnBhZG5ac1RtRm5TVWt2ZWxoUFEwVlpTRTVvV0hoU2QxVmpabEJaVjFaa05tSlpiWGhtWkVSQ1RTOEtNMU5NYWxCV1dYaFRReTg1VmpreWJsWlNiRlJUTWpOQk5YRlpPVXBJY3pKNVN6WkdNSGR6U0hCNmRsQllSV1ZTUlVWc2VVeExWMDFtYm0xck1EZFdZUW8yV214MWVtUlhUWFIyZGs5T0wyaFZla3hhTm1aUk1WQTNURVpOTTNCUlpYQlNjRnBKVEhvd1ExQXhPVnB3TVdnekt6QmlOMWRuZFZRMkwxcHdZbmh3Q21SdGRrVkpUUzlKUW5kcmFWTk5NRXhUT1RsWGJuUklXWGs1YkRSVFVrcDFiV0lyUndvdExTMHRMVVZPUkNCRFJWSlVTVVpKUTBGVVJTMHRMUzB0Q2c9PScgLS1hcGlzZXJ2ZXItZW5kcG9pbnQgJ2h0dHBzOi8vRUJENTIwRERCRDhDMUNCQjU4MDVGRjA3OUIyODNBRjYuZ3I3LnVzLWVhc3QtMi5la3MuYW1hem9uYXdzLmNvbScgIC0ta3ViZWxldC1leHRyYS1hcmdzICIiICdhaXJmbG93LWVrcy1kYXRhLWJvb3RjYW1wJw0KDQojIEFsbG93IHVzZXIgc3VwcGxpZWQgdXNlcmRhdGEgY29kZQ0KZWNobyBmb28gYmFyDQo=",
            "vpc_classic_link_id": "",
            "vpc_classic_link_security_groups": null
          },
          "sensitive_attributes": [],
          "private": "bnVsbA==",
          "dependencies": [
            "module.eks.aws_security_group.worker_group_mgmt_one",
            "module.eks.aws_security_group.worker_group_mgmt_two",
            "module.eks.module.eks.aws_cloudwatch_log_group.this",
            "module.eks.module.eks.aws_eks_cluster.this",
            "module.eks.module.eks.aws_iam_instance_profile.workers",
            "module.eks.module.eks.aws_iam_role.cluster",
            "module.eks.module.eks.aws_iam_role.workers",
            "module.eks.module.eks.aws_iam_role_policy_attachment.cluster_AmazonEKSClusterPolicy",
            "module.eks.module.eks.aws_iam_role_policy_attachment.cluster_AmazonEKSServicePolicy",
            "module.eks.module.eks.aws_iam_role_policy_attachment.cluster_AmazonEKSVPCResourceControllerPolicy",
            "module.eks.module.eks.aws_iam_role_policy_attachment.workers_AmazonEC2ContainerRegistryReadOnly",
            "module.eks.module.eks.aws_iam_role_policy_attachment.workers_AmazonEKSWorkerNodePolicy",
            "module.eks.module.eks.aws_iam_role_policy_attachment.workers_AmazonEKS_CNI_Policy",
            "module.eks.module.eks.aws_iam_role_policy_attachment.workers_additional_policies",
            "module.eks.module.eks.aws_security_group.cluster",
            "module.eks.module.eks.aws_security_group.workers",
            "module.eks.module.eks.aws_security_group_rule.cluster_egress_internet",
            "module.eks.module.eks.aws_security_group_rule.cluster_https_worker_ingress",
            "module.eks.module.eks.aws_security_group_rule.cluster_primary_ingress_workers",
            "module.eks.module.eks.aws_security_group_rule.workers_egress_internet",
            "module.eks.module.eks.aws_security_group_rule.workers_ingress_cluster",
            "module.eks.module.eks.aws_security_group_rule.workers_ingress_cluster_https",
            "module.eks.module.eks.aws_security_group_rule.workers_ingress_cluster_kubelet",
            "module.eks.module.eks.aws_security_group_rule.workers_ingress_cluster_primary",
            "module.eks.module.eks.aws_security_group_rule.workers_ingress_self",
            "module.eks.module.eks.data.aws_ami.eks_worker",
            "module.eks.module.eks.data.aws_ami.eks_worker_windows",
            "module.eks.module.eks.data.aws_iam_instance_profile.custom_worker_group_iam_instance_profile",
            "module.eks.module.eks.data.aws_iam_policy_document.cluster_assume_role_policy",
            "module.eks.module.eks.data.aws_iam_policy_document.workers_assume_role_policy",
            "module.eks.module.eks.data.aws_iam_role.custom_cluster_iam_role",
            "module.eks.module.eks.data.aws_partition.current",
            "module.networking.aws_subnet.private_subnet",
            "module.networking.aws_vpc.vpc"
          ],
          "create_before_destroy": true
        },
        {
          "index_key": 1,
          "schema_version": 0,
          "attributes": {
            "arn": "arn:aws:autoscaling:us-east-2:855157247171:launchConfiguration:b7458e06-5c56-41db-b5f8-59836bb67a5d:launchConfigurationName/airflow-eks-data-bootcamp-worker-group-220211031184259967800000015",
            "associate_public_ip_address": false,
            "ebs_block_device": [],
            "ebs_optimized": false,
            "enable_monitoring": true,
            "ephemeral_block_device": [],
            "iam_instance_profile": "airflow-eks-data-bootcamp2021103118425830540000000f",
            "id": "airflow-eks-data-bootcamp-worker-group-220211031184259967800000015",
            "image_id": "ami-0abbd217a24c16672",
            "instance_type": "t2.medium",
            "key_name": "",
            "metadata_options": [
              {
                "http_endpoint": "enabled",
                "http_put_response_hop_limit": 1,
                "http_tokens": "optional"
              }
            ],
            "name": "airflow-eks-data-bootcamp-worker-group-220211031184259967800000015",
            "name_prefix": "airflow-eks-data-bootcamp-worker-group-2",
            "placement_tenancy": "",
            "root_block_device": [
              {
                "delete_on_termination": true,
                "encrypted": false,
                "iops": 0,
                "throughput": 0,
                "volume_size": 100,
                "volume_type": "gp2"
              }
            ],
            "security_groups": [
              "sg-0b83424a08bd7862d",
              "sg-0f76835dfde025e39"
            ],
            "spot_price": "",
            "user_data": null,
            "user_data_base64": "IyEvYmluL2Jhc2ggLWUNCg0KIyBBbGxvdyB1c2VyIHN1cHBsaWVkIHByZSB1c2VyZGF0YSBjb2RlDQoNCg0KIyBCb290c3RyYXAgYW5kIGpvaW4gdGhlIGNsdXN0ZXINCi9ldGMvZWtzL2Jvb3RzdHJhcC5zaCAtLWI2NC1jbHVzdGVyLWNhICdMUzB0TFMxQ1JVZEpUaUJEUlZKVVNVWkpRMEZVUlMwdExTMHRDazFKU1VNMWVrTkRRV01yWjBGM1NVSkJaMGxDUVVSQlRrSm5hM0ZvYTJsSE9YY3dRa0ZSYzBaQlJFRldUVkpOZDBWUldVUldVVkZFUlhkd2NtUlhTbXdLWTIwMWJHUkhWbnBOUWpSWVJGUkplRTFVUVhwTlZFVTBUWHBuZWs0eGIxaEVWRTE0VFZSQmVVOVVSVFJOZW1kNlRqRnZkMFpVUlZSTlFrVkhRVEZWUlFwQmVFMUxZVE5XYVZwWVNuVmFXRkpzWTNwRFEwRlRTWGRFVVZsS1MyOWFTV2gyWTA1QlVVVkNRbEZCUkdkblJWQkJSRU5EUVZGdlEyZG5SVUpCVEM5QkNtRjRabHBYWldkMU9URkJkakl3VmpVeWFqSk9hWE5hZUROSE4weFRTbkpNUkZKSWJqUldlV2x3U1dWMldXNWtkVlZzZFZOek9UTnFjMjFrV0ZsNloyVUtOVFJzYVZWWldVNWlXSFZhUTJKR2JHOU5UV2g0Tml0UmMweDJTVFJ2Wnk5V1NXVm5Uak00Y1c4d1dGbHVaWGxuTlZGUlkyUjFWRzVuWkVWQlNtWjRiQXBaVGpoak56ZEdZMXBQYm5OclowSnRiRlZhYlRORWJ6TTVaMHhaSzJKSlUwTnhVRzFCWTJsQlpYVlljRGcyYVd4SGExUlJaSFJJWjNKYWNXaFFXblJZQ2pKc1VuVmFkMHRLVFc1WFRUSlBRMk5IVjJSVVMyTndjMmx5TDJaVk1WaDJPVzFXYzBoRVVYVmtWMEZ1WTBwVFQwVldUM05GVlRWSlJUaEtUQzl6TW04S1ZrbHhSV2cxTDB4T2JtSlZkVTU2ZEVKM1dqaGlUVnBvUTBOUWEyZFRRbE5uVWtoSk9FdDRjbHBSTURGQk0wVTJOekozVm1KRU1XbHRjbGRQWW1GV1J3cE9iWEZWTVRBNVZVeEpSREZaYW1Ga1ZXSnpRMEYzUlVGQllVNURUVVZCZDBSbldVUldVakJRUVZGSUwwSkJVVVJCWjB0clRVRTRSMEV4VldSRmQwVkNDaTkzVVVaTlFVMUNRV1k0ZDBoUldVUldVakJQUWtKWlJVWlFTREpoUjBWUWQwY3phVWg0VUdjNWJVbHBlR0ZvTUVKR1Z6Wk5RVEJIUTFOeFIxTkpZak1LUkZGRlFrTjNWVUZCTkVsQ1FWRkJVRWRtZVcxS1VXNTFka1owVjFnMWRrRkhaMUpYTjA1aVlsSkRhR0kwTWl0emNscElOVmh0ZEZoSVZWVlNRMWRDY1FwUmNWRmtiWEF4ZGpVeVYwTkpVUzl1VWpaa2RqbHJNM0oxUnpacFExbFFkWFUyVVU1WUsyODJNbHAzYm5SQ05FWXpiMHBTUTNsUk9VMWxiRzFPU3paQ0NqRTVVVkprY0ZwelJHSk1NWEU1Y1hKbldFUkNVMnBhZG5ac1RtRm5TVWt2ZWxoUFEwVlpTRTVvV0hoU2QxVmpabEJaVjFaa05tSlpiWGhtWkVSQ1RTOEtNMU5NYWxCV1dYaFRReTg1VmpreWJsWlNiRlJUTWpOQk5YRlpPVXBJY3pKNVN6WkdNSGR6U0hCNmRsQllSV1ZTUlVWc2VVeExWMDFtYm0xck1EZFdZUW8yV214MWVtUlhUWFIyZGs5T0wyaFZla3hhTm1aUk1WQTNURVpOTTNCUlpYQlNjRnBKVEhvd1ExQXhPVnB3TVdnekt6QmlOMWRuZFZRMkwxcHdZbmh3Q21SdGRrVkpUUzlKUW5kcmFWTk5NRXhUT1RsWGJuUklXWGs1YkRSVFVrcDFiV0lyUndvdExTMHRMVVZPUkNCRFJWSlVTVVpKUTBGVVJTMHRMUzB0Q2c9PScgLS1hcGlzZXJ2ZXItZW5kcG9pbnQgJ2h0dHBzOi8vRUJENTIwRERCRDhDMUNCQjU4MDVGRjA3OUIyODNBRjYuZ3I3LnVzLWVhc3QtMi5la3MuYW1hem9uYXdzLmNvbScgIC0ta3ViZWxldC1leHRyYS1hcmdzICIiICdhaXJmbG93LWVrcy1kYXRhLWJvb3RjYW1wJw0KDQojIEFsbG93IHVzZXIgc3VwcGxpZWQgdXNlcmRhdGEgY29kZQ0KZWNobyBmb28gYmFyDQo=",
            "vpc_classic_link_id": "",
            "vpc_classic_link_security_groups": null
          },
          "sensitive_attributes": [],
          "private": "bnVsbA==",
          "dependencies": [
            "module.eks.aws_security_group.worker_group_mgmt_one",
            "module.eks.aws_security_group.worker_group_mgmt_two",
            "module.eks.module.eks.aws_cloudwatch_log_group.this",
            "module.eks.module.eks.aws_eks_cluster.this",
            "module.eks.module.eks.aws_iam_instance_profile.workers",
            "module.eks.module.eks.aws_iam_role.cluster",
            "module.eks.module.eks.aws_iam_role.workers",
            "module.eks.module.eks.aws_iam_role_policy_attachment.cluster_AmazonEKSClusterPolicy",
            "module.eks.module.eks.aws_iam_role_policy_attachment.cluster_AmazonEKSServicePolicy",
            "module.eks.module.eks.aws_iam_role_policy_attachment.cluster_AmazonEKSVPCResourceControllerPolicy",
            "module.eks.module.eks.aws_iam_role_policy_attachment.workers_AmazonEC2ContainerRegistryReadOnly",
            "module.eks.module.eks.aws_iam_role_policy_attachment.workers_AmazonEKSWorkerNodePolicy",
            "module.eks.module.eks.aws_iam_role_policy_attachment.workers_AmazonEKS_CNI_Policy",
            "module.eks.module.eks.aws_iam_role_policy_attachment.workers_additional_policies",
            "module.eks.module.eks.aws_security_group.cluster",
            "module.eks.module.eks.aws_security_group.workers",
            "module.eks.module.eks.aws_security_group_rule.cluster_egress_internet",
            "module.eks.module.eks.aws_security_group_rule.cluster_https_worker_ingress",
            "module.eks.module.eks.aws_security_group_rule.cluster_primary_ingress_workers",
            "module.eks.module.eks.aws_security_group_rule.workers_egress_internet",
            "module.eks.module.eks.aws_security_group_rule.workers_ingress_cluster",
            "module.eks.module.eks.aws_security_group_rule.workers_ingress_cluster_https",
            "module.eks.module.eks.aws_security_group_rule.workers_ingress_cluster_kubelet",
            "module.eks.module.eks.aws_security_group_rule.workers_ingress_cluster_primary",
            "module.eks.module.eks.aws_security_group_rule.workers_ingress_self",
            "module.eks.module.eks.data.aws_ami.eks_worker",
            "module.eks.module.eks.data.aws_ami.eks_worker_windows",
            "module.eks.module.eks.data.aws_iam_instance_profile.custom_worker_group_iam_instance_profile",
            "module.eks.module.eks.data.aws_iam_policy_document.cluster_assume_role_policy",
            "module.eks.module.eks.data.aws_iam_policy_document.workers_assume_role_policy",
            "module.eks.module.eks.data.aws_iam_role.custom_cluster_iam_role",
            "module.eks.module.eks.data.aws_partition.current",
            "module.networking.aws_subnet.private_subnet",
            "module.networking.aws_vpc.vpc"
          ],
          "create_before_destroy": true
        }
      ]
    },
    {
      "module": "module.eks.module.eks",
      "mode": "managed",
      "type": "aws_security_group",
      "name": "cluster",
      "provider": "provider[\"registry.terraform.io/hashicorp/aws\"]",
      "instances": [
        {
          "index_key": 0,
          "schema_version": 1,
          "attributes": {
            "arn": "arn:aws:ec2:us-east-2:855157247171:security-group/sg-0a3794c1f1aefba34",
            "description": "EKS cluster security group.",
            "egress": [],
            "id": "sg-0a3794c1f1aefba34",
            "ingress": [],
            "name": "airflow-eks-data-bootcamp2021103118320897250000000b",
            "name_prefix": "airflow-eks-data-bootcamp",
            "owner_id": "855157247171",
            "revoke_rules_on_delete": false,
            "tags": {
              "Environment": "data-bootcamp",
              "GithubOrg": "terraform-aws-modules",
              "GithubRepo": "terraform-aws-eks",
              "Name": "airflow-eks-data-bootcamp-eks_cluster_sg"
            },
            "tags_all": {
              "Environment": "data-bootcamp",
              "GithubOrg": "terraform-aws-modules",
              "GithubRepo": "terraform-aws-eks",
              "Name": "airflow-eks-data-bootcamp-eks_cluster_sg"
            },
            "timeouts": null,
            "vpc_id": "vpc-051dee3a395c1136c"
          },
          "sensitive_attributes": [],
          "private": "eyJlMmJmYjczMC1lY2FhLTExZTYtOGY4OC0zNDM2M2JjN2M0YzAiOnsiY3JlYXRlIjo2MDAwMDAwMDAwMDAsImRlbGV0ZSI6OTAwMDAwMDAwMDAwfSwic2NoZW1hX3ZlcnNpb24iOiIxIn0=",
          "dependencies": [
            "module.networking.aws_vpc.vpc"
          ],
          "create_before_destroy": true
        }
      ]
    },
    {
      "module": "module.eks.module.eks",
      "mode": "managed",
      "type": "aws_security_group",
      "name": "workers",
      "provider": "provider[\"registry.terraform.io/hashicorp/aws\"]",
      "instances": [
        {
          "index_key": 0,
          "schema_version": 1,
          "attributes": {
            "arn": "arn:aws:ec2:us-east-2:855157247171:security-group/sg-0f76835dfde025e39",
            "description": "Security group for all nodes in the cluster.",
            "egress": [],
            "id": "sg-0f76835dfde025e39",
            "ingress": [],
            "name": "airflow-eks-data-bootcamp2021103118320925650000000c",
            "name_prefix": "airflow-eks-data-bootcamp",
            "owner_id": "855157247171",
            "revoke_rules_on_delete": false,
            "tags": {
              "Environment": "data-bootcamp",
              "GithubOrg": "terraform-aws-modules",
              "GithubRepo": "terraform-aws-eks",
              "Name": "airflow-eks-data-bootcamp-eks_worker_sg",
              "kubernetes.io/cluster/airflow-eks-data-bootcamp": "owned"
            },
            "tags_all": {
              "Environment": "data-bootcamp",
              "GithubOrg": "terraform-aws-modules",
              "GithubRepo": "terraform-aws-eks",
              "Name": "airflow-eks-data-bootcamp-eks_worker_sg",
              "kubernetes.io/cluster/airflow-eks-data-bootcamp": "owned"
            },
            "timeouts": null,
            "vpc_id": "vpc-051dee3a395c1136c"
          },
          "sensitive_attributes": [],
          "private": "eyJlMmJmYjczMC1lY2FhLTExZTYtOGY4OC0zNDM2M2JjN2M0YzAiOnsiY3JlYXRlIjo2MDAwMDAwMDAwMDAsImRlbGV0ZSI6OTAwMDAwMDAwMDAwfSwic2NoZW1hX3ZlcnNpb24iOiIxIn0=",
          "dependencies": [
            "module.networking.aws_vpc.vpc"
          ],
          "create_before_destroy": true
        }
      ]
    },
    {
      "module": "module.eks.module.eks",
      "mode": "managed",
      "type": "aws_security_group_rule",
      "name": "cluster_egress_internet",
      "provider": "provider[\"registry.terraform.io/hashicorp/aws\"]",
      "instances": [
        {
          "index_key": 0,
          "schema_version": 2,
          "attributes": {
            "cidr_blocks": [
              "0.0.0.0/0"
            ],
            "description": "Allow cluster egress access to the Internet.",
            "from_port": 0,
            "id": "sgrule-3280365144",
            "ipv6_cidr_blocks": null,
            "prefix_list_ids": null,
            "protocol": "-1",
            "security_group_id": "sg-0a3794c1f1aefba34",
            "self": false,
            "source_security_group_id": null,
            "to_port": 0,
            "type": "egress"
          },
          "sensitive_attributes": [],
          "private": "eyJzY2hlbWFfdmVyc2lvbiI6IjIifQ==",
          "dependencies": [
            "module.eks.module.eks.aws_security_group.cluster",
            "module.networking.aws_vpc.vpc"
          ],
          "create_before_destroy": true
        }
      ]
    },
    {
      "module": "module.eks.module.eks",
      "mode": "managed",
      "type": "aws_security_group_rule",
      "name": "cluster_https_worker_ingress",
      "provider": "provider[\"registry.terraform.io/hashicorp/aws\"]",
      "instances": [
        {
          "index_key": 0,
          "schema_version": 2,
          "attributes": {
            "cidr_blocks": null,
            "description": "Allow pods to communicate with the EKS cluster API.",
            "from_port": 443,
            "id": "sgrule-4165171533",
            "ipv6_cidr_blocks": null,
            "prefix_list_ids": null,
            "protocol": "tcp",
            "security_group_id": "sg-0a3794c1f1aefba34",
            "self": false,
            "source_security_group_id": "sg-0f76835dfde025e39",
            "to_port": 443,
            "type": "ingress"
          },
          "sensitive_attributes": [],
          "private": "eyJzY2hlbWFfdmVyc2lvbiI6IjIifQ==",
          "dependencies": [
            "module.eks.module.eks.aws_security_group.cluster",
            "module.eks.module.eks.aws_security_group.workers",
            "module.networking.aws_vpc.vpc"
          ],
          "create_before_destroy": true
        }
      ]
    },
    {
      "module": "module.eks.module.eks",
      "mode": "managed",
      "type": "aws_security_group_rule",
      "name": "workers_egress_internet",
      "provider": "provider[\"registry.terraform.io/hashicorp/aws\"]",
      "instances": [
        {
          "index_key": 0,
          "schema_version": 2,
          "attributes": {
            "cidr_blocks": [
              "0.0.0.0/0"
            ],
            "description": "Allow nodes all egress to the Internet.",
            "from_port": 0,
            "id": "sgrule-2452616752",
            "ipv6_cidr_blocks": null,
            "prefix_list_ids": null,
            "protocol": "-1",
            "security_group_id": "sg-0f76835dfde025e39",
            "self": false,
            "source_security_group_id": null,
            "to_port": 0,
            "type": "egress"
          },
          "sensitive_attributes": [],
          "private": "eyJzY2hlbWFfdmVyc2lvbiI6IjIifQ==",
          "dependencies": [
            "module.eks.module.eks.aws_security_group.workers",
            "module.networking.aws_vpc.vpc"
          ],
          "create_before_destroy": true
        }
      ]
    },
    {
      "module": "module.eks.module.eks",
      "mode": "managed",
      "type": "aws_security_group_rule",
      "name": "workers_ingress_cluster",
      "provider": "provider[\"registry.terraform.io/hashicorp/aws\"]",
      "instances": [
        {
          "index_key": 0,
          "schema_version": 2,
          "attributes": {
            "cidr_blocks": null,
            "description": "Allow workers pods to receive communication from the cluster control plane.",
            "from_port": 1025,
            "id": "sgrule-3580588173",
            "ipv6_cidr_blocks": null,
            "prefix_list_ids": null,
            "protocol": "tcp",
            "security_group_id": "sg-0f76835dfde025e39",
            "self": false,
            "source_security_group_id": "sg-0a3794c1f1aefba34",
            "to_port": 65535,
            "type": "ingress"
          },
          "sensitive_attributes": [],
          "private": "eyJzY2hlbWFfdmVyc2lvbiI6IjIifQ==",
          "dependencies": [
            "module.eks.module.eks.aws_security_group.cluster",
            "module.eks.module.eks.aws_security_group.workers",
            "module.networking.aws_vpc.vpc"
          ],
          "create_before_destroy": true
        }
      ]
    },
    {
      "module": "module.eks.module.eks",
      "mode": "managed",
      "type": "aws_security_group_rule",
      "name": "workers_ingress_cluster_https",
      "provider": "provider[\"registry.terraform.io/hashicorp/aws\"]",
      "instances": [
        {
          "index_key": 0,
          "schema_version": 2,
          "attributes": {
            "cidr_blocks": null,
            "description": "Allow pods running extension API servers on port 443 to receive communication from cluster control plane.",
            "from_port": 443,
            "id": "sgrule-3004097239",
            "ipv6_cidr_blocks": null,
            "prefix_list_ids": null,
            "protocol": "tcp",
            "security_group_id": "sg-0f76835dfde025e39",
            "self": false,
            "source_security_group_id": "sg-0a3794c1f1aefba34",
            "to_port": 443,
            "type": "ingress"
          },
          "sensitive_attributes": [],
          "private": "eyJzY2hlbWFfdmVyc2lvbiI6IjIifQ==",
          "dependencies": [
            "module.eks.module.eks.aws_security_group.cluster",
            "module.eks.module.eks.aws_security_group.workers",
            "module.networking.aws_vpc.vpc"
          ],
          "create_before_destroy": true
        }
      ]
    },
    {
      "module": "module.eks.module.eks",
      "mode": "managed",
      "type": "aws_security_group_rule",
      "name": "workers_ingress_self",
      "provider": "provider[\"registry.terraform.io/hashicorp/aws\"]",
      "instances": [
        {
          "index_key": 0,
          "schema_version": 2,
          "attributes": {
            "cidr_blocks": null,
            "description": "Allow node to communicate with each other.",
            "from_port": 0,
            "id": "sgrule-3142497064",
            "ipv6_cidr_blocks": null,
            "prefix_list_ids": null,
            "protocol": "-1",
            "security_group_id": "sg-0f76835dfde025e39",
            "self": false,
            "source_security_group_id": "sg-0f76835dfde025e39",
            "to_port": 65535,
            "type": "ingress"
          },
          "sensitive_attributes": [],
          "private": "eyJzY2hlbWFfdmVyc2lvbiI6IjIifQ==",
          "dependencies": [
            "module.eks.module.eks.aws_security_group.workers",
            "module.networking.aws_vpc.vpc"
          ],
          "create_before_destroy": true
        }
      ]
    },
    {
      "module": "module.eks.module.eks",
      "mode": "managed",
      "type": "kubernetes_config_map",
      "name": "aws_auth",
      "provider": "module.eks.provider[\"registry.terraform.io/hashicorp/kubernetes\"]",
      "instances": [
        {
          "index_key": 0,
          "schema_version": 0,
          "attributes": {
            "binary_data": null,
            "data": {
              "mapAccounts": "[]\n",
              "mapRoles": "- \"groups\":\n  - \"system:bootstrappers\"\n  - \"system:nodes\"\n  \"rolearn\": \"arn:aws:iam::855157247171:role/airflow-eks-data-bootcamp2021103118425661340000000e\"\n  \"username\": \"system:node:{{EC2PrivateDNSName}}\"\n",
              "mapUsers": "[]\n"
            },
            "id": "kube-system/aws-auth",
            "metadata": [
              {
                "annotations": null,
                "generate_name": "",
                "generation": 0,
                "labels": {
                  "app.kubernetes.io/managed-by": "Terraform",
                  "terraform.io/module": "terraform-aws-modules.eks.aws"
                },
                "name": "aws-auth",
                "namespace": "kube-system",
                "resource_version": "727",
                "uid": "286522bd-8db9-4889-901e-71a96f6c1ab1"
              }
            ]
          },
          "sensitive_attributes": [],
          "private": "bnVsbA==",
          "dependencies": [
            "module.eks.aws_security_group.worker_group_mgmt_one",
            "module.eks.aws_security_group.worker_group_mgmt_two",
            "module.eks.data.aws_eks_cluster.cluster",
            "module.eks.data.aws_eks_cluster_auth.cluster",
            "module.eks.module.eks.aws_cloudwatch_log_group.this",
            "module.eks.module.eks.aws_eks_cluster.this",
            "module.eks.module.eks.aws_iam_instance_profile.workers",
            "module.eks.module.eks.aws_iam_instance_profile.workers_launch_template",
            "module.eks.module.eks.aws_iam_role.cluster",
            "module.eks.module.eks.aws_iam_role.workers",
            "module.eks.module.eks.aws_iam_role_policy_attachment.cluster_AmazonEKSClusterPolicy",
            "module.eks.module.eks.aws_iam_role_policy_attachment.cluster_AmazonEKSServicePolicy",
            "module.eks.module.eks.aws_iam_role_policy_attachment.cluster_AmazonEKSVPCResourceControllerPolicy",
            "module.eks.module.eks.aws_security_group.cluster",
            "module.eks.module.eks.aws_security_group.workers",
            "module.eks.module.eks.aws_security_group_rule.cluster_egress_internet",
            "module.eks.module.eks.aws_security_group_rule.cluster_https_worker_ingress",
            "module.eks.module.eks.aws_security_group_rule.cluster_private_access_cidrs_source",
            "module.eks.module.eks.aws_security_group_rule.cluster_private_access_sg_source",
            "module.eks.module.eks.data.aws_ami.eks_worker",
            "module.eks.module.eks.data.aws_ami.eks_worker_windows",
            "module.eks.module.eks.data.aws_caller_identity.current",
            "module.eks.module.eks.data.aws_iam_instance_profile.custom_worker_group_iam_instance_profile",
            "module.eks.module.eks.data.aws_iam_instance_profile.custom_worker_group_launch_template_iam_instance_profile",
            "module.eks.module.eks.data.aws_iam_policy_document.cluster_assume_role_policy",
            "module.eks.module.eks.data.aws_iam_policy_document.workers_assume_role_policy",
            "module.eks.module.eks.data.aws_iam_role.custom_cluster_iam_role",
            "module.eks.module.eks.data.aws_partition.current",
            "module.eks.module.eks.data.http.wait_for_cluster",
            "module.eks.module.eks.module.fargate.aws_iam_role.eks_fargate_pod",
            "module.eks.module.eks.module.fargate.data.aws_iam_role.custom_fargate_iam_role",
            "module.networking.aws_subnet.private_subnet",
            "module.networking.aws_vpc.vpc"
          ]
        }
      ]
    },
    {
      "module": "module.eks.module.eks",
      "mode": "managed",
      "type": "local_file",
      "name": "kubeconfig",
      "provider": "provider[\"registry.terraform.io/hashicorp/local\"]",
      "instances": [
        {
          "index_key": 0,
          "schema_version": 0,
          "attributes": {
            "content": "apiVersion: v1\r\npreferences: {}\r\nkind: Config\r\n\r\nclusters:\r\n- cluster:\r\n    server: https://EBD520DDBD8C1CBB5805FF079B283AF6.gr7.us-east-2.eks.amazonaws.com\r\n    certificate-authority-data: LS0tLS1CRUdJTiBDRVJUSUZJQ0FURS0tLS0tCk1JSUM1ekNDQWMrZ0F3SUJBZ0lCQURBTkJna3Foa2lHOXcwQkFRc0ZBREFWTVJNd0VRWURWUVFERXdwcmRXSmwKY201bGRHVnpNQjRYRFRJeE1UQXpNVEU0TXpnek4xb1hEVE14TVRBeU9URTRNemd6TjFvd0ZURVRNQkVHQTFVRQpBeE1LYTNWaVpYSnVaWFJsY3pDQ0FTSXdEUVlKS29aSWh2Y05BUUVCQlFBRGdnRVBBRENDQVFvQ2dnRUJBTC9BCmF4ZlpXZWd1OTFBdjIwVjUyajJOaXNaeDNHN0xTSnJMRFJIbjRWeWlwSWV2WW5kdVVsdVNzOTNqc21kWFl6Z2UKNTRsaVVZWU5iWHVaQ2JGbG9NTWh4NitRc0x2STRvZy9WSWVnTjM4cW8wWFluZXlnNVFRY2R1VG5nZEVBSmZ4bApZTjhjNzdGY1pPbnNrZ0JtbFVabTNEbzM5Z0xZK2JJU0NxUG1BY2lBZXVYcDg2aWxHa1RRZHRIZ3JacWhQWnRYCjJsUnVad0tKTW5XTTJPQ2NHV2RUS2Nwc2lyL2ZVMVh2OW1Wc0hEUXVkV0FuY0pTT0VWT3NFVTVJRThKTC9zMm8KVklxRWg1L0xObmJVdU56dEJ3WjhiTVpoQ0NQa2dTQlNnUkhJOEt4clpRMDFBM0U2NzJ3VmJEMWltcldPYmFWRwpObXFVMTA5VUxJRDFZamFkVWJzQ0F3RUFBYU5DTUVBd0RnWURWUjBQQVFIL0JBUURBZ0trTUE4R0ExVWRFd0VCCi93UUZNQU1CQWY4d0hRWURWUjBPQkJZRUZQSDJhR0VQd0czaUh4UGc5bUlpeGFoMEJGVzZNQTBHQ1NxR1NJYjMKRFFFQkN3VUFBNElCQVFBUEdmeW1KUW51dkZ0V1g1dkFHZ1JXN05iYlJDaGI0MitzclpINVhtdFhIVVVSQ1dCcQpRcVFkbXAxdjUyV0NJUS9uUjZkdjlrM3J1RzZpQ1lQdXU2UU5YK282Mlp3bnRCNEYzb0pSQ3lROU1lbG1OSzZCCjE5UVJkcFpzRGJMMXE5cXJnWERCU2padnZsTmFnSUkvelhPQ0VZSE5oWHhSd1VjZlBZV1ZkNmJZbXhmZERCTS8KM1NMalBWWXhTQy85VjkyblZSbFRTMjNBNXFZOUpIczJ5SzZGMHdzSHB6dlBYRWVSRUVseUxLV01mbm1rMDdWYQo2Wmx1emRXTXR2dk9OL2hVekxaNmZRMVA3TEZNM3BRZXBScFpJTHowQ1AxOVpwMWgzKzBiN1dndVQ2L1pwYnhwCmRtdkVJTS9JQndraVNNMExTOTlXbnRIWXk5bDRTUkp1bWIrRwotLS0tLUVORCBDRVJUSUZJQ0FURS0tLS0tCg==\r\n  name: eks_airflow-eks-data-bootcamp\r\n\r\ncontexts:\r\n- context:\r\n    cluster: eks_airflow-eks-data-bootcamp\r\n    user: eks_airflow-eks-data-bootcamp\r\n  name: eks_airflow-eks-data-bootcamp\r\n\r\ncurrent-context: eks_airflow-eks-data-bootcamp\r\n\r\nusers:\r\n- name: eks_airflow-eks-data-bootcamp\r\n  user:\r\n    exec:\r\n      apiVersion: client.authentication.k8s.io/v1alpha1\r\n      command: aws-iam-authenticator\r\n      args:\r\n        - \"token\"\r\n        - \"-i\"\r\n        - \"airflow-eks-data-bootcamp\"\r\n",
            "content_base64": null,
            "directory_permission": "0755",
            "file_permission": "0600",
            "filename": "./kubeconfig_airflow-eks-data-bootcamp",
            "id": "d1ed86910d8ac5301d32ec19f58659872279cdd2",
            "sensitive_content": null,
            "source": null
          },
          "sensitive_attributes": [],
          "private": "bnVsbA==",
          "dependencies": [
            "module.eks.module.eks.aws_cloudwatch_log_group.this",
            "module.eks.module.eks.aws_eks_cluster.this",
            "module.eks.module.eks.aws_iam_role.cluster",
            "module.eks.module.eks.aws_iam_role_policy_attachment.cluster_AmazonEKSClusterPolicy",
            "module.eks.module.eks.aws_iam_role_policy_attachment.cluster_AmazonEKSServicePolicy",
            "module.eks.module.eks.aws_iam_role_policy_attachment.cluster_AmazonEKSVPCResourceControllerPolicy",
            "module.eks.module.eks.aws_security_group.cluster",
            "module.eks.module.eks.aws_security_group.workers",
            "module.eks.module.eks.aws_security_group_rule.cluster_egress_internet",
            "module.eks.module.eks.aws_security_group_rule.cluster_https_worker_ingress",
            "module.eks.module.eks.data.aws_iam_policy_document.cluster_assume_role_policy",
            "module.eks.module.eks.data.aws_iam_role.custom_cluster_iam_role",
            "module.eks.module.eks.data.aws_partition.current",
            "module.networking.aws_subnet.private_subnet",
            "module.networking.aws_vpc.vpc"
          ]
        }
      ]
    },
    {
      "module": "module.eks.module.eks.module.fargate",
      "mode": "data",
      "type": "aws_partition",
      "name": "current",
      "provider": "provider[\"registry.terraform.io/hashicorp/aws\"]",
      "instances": [
        {
          "schema_version": 0,
          "attributes": {
            "dns_suffix": "amazonaws.com",
            "id": "aws",
            "partition": "aws",
            "reverse_dns_prefix": "com.amazonaws"
          },
          "sensitive_attributes": []
        }
      ]
    },
    {
      "module": "module.networking",
      "mode": "managed",
      "type": "aws_eip",
      "name": "nat_eip",
      "provider": "provider[\"registry.terraform.io/hashicorp/aws\"]",
      "instances": [
        {
          "schema_version": 0,
          "attributes": {
            "address": null,
            "allocation_id": null,
            "associate_with_private_ip": null,
            "association_id": "",
            "carrier_ip": "",
            "customer_owned_ip": "",
            "customer_owned_ipv4_pool": "",
            "domain": "vpc",
            "id": "eipalloc-0b1739420bb776c43",
            "instance": "",
            "network_border_group": "us-east-2",
            "network_interface": "",
            "private_dns": null,
            "private_ip": "",
            "public_dns": "ec2-18-223-216-94.us-east-2.compute.amazonaws.com",
            "public_ip": "18.223.216.94",
            "public_ipv4_pool": "amazon",
            "tags": null,
            "tags_all": {},
            "timeouts": null,
            "vpc": true
          },
          "sensitive_attributes": [],
          "private": "eyJlMmJmYjczMC1lY2FhLTExZTYtOGY4OC0zNDM2M2JjN2M0YzAiOnsiZGVsZXRlIjoxODAwMDAwMDAwMDAsInJlYWQiOjkwMDAwMDAwMDAwMCwidXBkYXRlIjozMDAwMDAwMDAwMDB9fQ==",
          "dependencies": [
            "module.networking.aws_internet_gateway.igw",
            "module.networking.aws_vpc.vpc"
          ]
        }
      ]
    },
    {
      "module": "module.networking",
      "mode": "managed",
      "type": "aws_internet_gateway",
      "name": "igw",
      "provider": "provider[\"registry.terraform.io/hashicorp/aws\"]",
      "instances": [
        {
          "schema_version": 0,
          "attributes": {
            "arn": "arn:aws:ec2:us-east-2:855157247171:internet-gateway/igw-0a3078d827a5f7762",
            "id": "igw-0a3078d827a5f7762",
            "owner_id": "855157247171",
            "tags": {
              "Name": "igw"
            },
            "tags_all": {
              "Name": "igw"
            },
            "vpc_id": "vpc-051dee3a395c1136c"
          },
          "sensitive_attributes": [],
          "private": "bnVsbA==",
          "dependencies": [
            "module.networking.aws_vpc.vpc"
          ]
        }
      ]
    },
    {
      "module": "module.networking",
      "mode": "managed",
      "type": "aws_nat_gateway",
      "name": "nat",
      "provider": "provider[\"registry.terraform.io/hashicorp/aws\"]",
      "instances": [
        {
          "schema_version": 0,
          "attributes": {
            "allocation_id": "eipalloc-0b1739420bb776c43",
            "connectivity_type": "public",
            "id": "nat-0406373858f74ba67",
            "network_interface_id": "eni-0e518e5b752521410",
            "private_ip": "10.0.0.19",
            "public_ip": "18.223.216.94",
            "subnet_id": "subnet-0d69f75ab1b5d96ec",
            "tags": {
              "Name": "nat"
            },
            "tags_all": {
              "Name": "nat"
            }
          },
          "sensitive_attributes": [],
          "private": "bnVsbA==",
          "dependencies": [
            "module.networking.aws_eip.nat_eip",
            "module.networking.aws_internet_gateway.igw",
            "module.networking.aws_subnet.public_subnet",
            "module.networking.aws_vpc.vpc"
          ]
        }
      ]
    },
    {
      "module": "module.networking",
      "mode": "managed",
      "type": "aws_route",
      "name": "private_nat_gateway",
      "provider": "provider[\"registry.terraform.io/hashicorp/aws\"]",
      "instances": [
        {
          "schema_version": 0,
          "attributes": {
            "carrier_gateway_id": "",
            "destination_cidr_block": "0.0.0.0/0",
            "destination_ipv6_cidr_block": "",
            "destination_prefix_list_id": "",
            "egress_only_gateway_id": "",
            "gateway_id": "",
            "id": "r-rtb-0ecb476a58cba8d991080289494",
            "instance_id": "",
            "instance_owner_id": "",
            "local_gateway_id": "",
            "nat_gateway_id": "nat-0406373858f74ba67",
            "network_interface_id": "",
            "origin": "CreateRoute",
            "route_table_id": "rtb-0ecb476a58cba8d99",
            "state": "active",
            "timeouts": null,
            "transit_gateway_id": "",
            "vpc_endpoint_id": "",
            "vpc_peering_connection_id": ""
          },
          "sensitive_attributes": [],
          "private": "eyJlMmJmYjczMC1lY2FhLTExZTYtOGY4OC0zNDM2M2JjN2M0YzAiOnsiY3JlYXRlIjoxMjAwMDAwMDAwMDAsImRlbGV0ZSI6MzAwMDAwMDAwMDAwLCJ1cGRhdGUiOjEyMDAwMDAwMDAwMH19",
          "dependencies": [
            "module.networking.aws_eip.nat_eip",
            "module.networking.aws_internet_gateway.igw",
            "module.networking.aws_nat_gateway.nat",
            "module.networking.aws_route_table.private",
            "module.networking.aws_subnet.public_subnet",
            "module.networking.aws_vpc.vpc"
          ]
        }
      ]
    },
    {
      "module": "module.networking",
      "mode": "managed",
      "type": "aws_route",
      "name": "public_internet_gateway",
      "provider": "provider[\"registry.terraform.io/hashicorp/aws\"]",
      "instances": [
        {
          "schema_version": 0,
          "attributes": {
            "carrier_gateway_id": "",
            "destination_cidr_block": "0.0.0.0/0",
            "destination_ipv6_cidr_block": "",
            "destination_prefix_list_id": "",
            "egress_only_gateway_id": "",
            "gateway_id": "igw-0a3078d827a5f7762",
            "id": "r-rtb-071d3e27237e102a71080289494",
            "instance_id": "",
            "instance_owner_id": "",
            "local_gateway_id": "",
            "nat_gateway_id": "",
            "network_interface_id": "",
            "origin": "CreateRoute",
            "route_table_id": "rtb-071d3e27237e102a7",
            "state": "active",
            "timeouts": null,
            "transit_gateway_id": "",
            "vpc_endpoint_id": "",
            "vpc_peering_connection_id": ""
          },
          "sensitive_attributes": [],
          "private": "eyJlMmJmYjczMC1lY2FhLTExZTYtOGY4OC0zNDM2M2JjN2M0YzAiOnsiY3JlYXRlIjoxMjAwMDAwMDAwMDAsImRlbGV0ZSI6MzAwMDAwMDAwMDAwLCJ1cGRhdGUiOjEyMDAwMDAwMDAwMH19",
          "dependencies": [
            "module.networking.aws_internet_gateway.igw",
            "module.networking.aws_route_table.public",
            "module.networking.aws_vpc.vpc"
          ]
        }
      ]
    },
    {
      "module": "module.networking",
      "mode": "managed",
      "type": "aws_route_table",
      "name": "private",
      "provider": "provider[\"registry.terraform.io/hashicorp/aws\"]",
      "instances": [
        {
          "schema_version": 0,
          "attributes": {
            "arn": "arn:aws:ec2:us-east-2:855157247171:route-table/rtb-0ecb476a58cba8d99",
            "id": "rtb-0ecb476a58cba8d99",
            "owner_id": "855157247171",
            "propagating_vgws": [],
            "route": [],
            "tags": {
              "Name": "private-route-table"
            },
            "tags_all": {
              "Name": "private-route-table"
            },
            "timeouts": null,
            "vpc_id": "vpc-051dee3a395c1136c"
          },
          "sensitive_attributes": [],
          "private": "eyJlMmJmYjczMC1lY2FhLTExZTYtOGY4OC0zNDM2M2JjN2M0YzAiOnsiY3JlYXRlIjoxMjAwMDAwMDAwMDAsImRlbGV0ZSI6MzAwMDAwMDAwMDAwLCJ1cGRhdGUiOjEyMDAwMDAwMDAwMH19",
          "dependencies": [
            "module.networking.aws_vpc.vpc"
          ]
        }
      ]
    },
    {
      "module": "module.networking",
      "mode": "managed",
      "type": "aws_route_table",
      "name": "public",
      "provider": "provider[\"registry.terraform.io/hashicorp/aws\"]",
      "instances": [
        {
          "schema_version": 0,
          "attributes": {
            "arn": "arn:aws:ec2:us-east-2:855157247171:route-table/rtb-071d3e27237e102a7",
            "id": "rtb-071d3e27237e102a7",
            "owner_id": "855157247171",
            "propagating_vgws": [],
            "route": [],
            "tags": {
              "Name": "public-route-table"
            },
            "tags_all": {
              "Name": "public-route-table"
            },
            "timeouts": null,
            "vpc_id": "vpc-051dee3a395c1136c"
          },
          "sensitive_attributes": [],
          "private": "eyJlMmJmYjczMC1lY2FhLTExZTYtOGY4OC0zNDM2M2JjN2M0YzAiOnsiY3JlYXRlIjoxMjAwMDAwMDAwMDAsImRlbGV0ZSI6MzAwMDAwMDAwMDAwLCJ1cGRhdGUiOjEyMDAwMDAwMDAwMH19",
          "dependencies": [
            "module.networking.aws_vpc.vpc"
          ]
        }
      ]
    },
    {
      "module": "module.networking",
      "mode": "managed",
      "type": "aws_route_table_association",
      "name": "private",
      "provider": "provider[\"registry.terraform.io/hashicorp/aws\"]",
      "instances": [
        {
          "index_key": 0,
          "schema_version": 0,
          "attributes": {
            "gateway_id": "",
            "id": "rtbassoc-0968cabd033615ed2",
            "route_table_id": "rtb-0ecb476a58cba8d99",
            "subnet_id": "subnet-079ccfed21acb2cb6"
          },
          "sensitive_attributes": [],
          "private": "bnVsbA==",
          "dependencies": [
            "module.networking.aws_route_table.private",
            "module.networking.aws_subnet.private_subnet",
            "module.networking.aws_vpc.vpc"
          ]
        },
        {
          "index_key": 1,
          "schema_version": 0,
          "attributes": {
            "gateway_id": "",
            "id": "rtbassoc-021effff7987149a0",
            "route_table_id": "rtb-0ecb476a58cba8d99",
            "subnet_id": "subnet-03a0f3d0fe7d6f049"
          },
          "sensitive_attributes": [],
          "private": "bnVsbA==",
          "dependencies": [
            "module.networking.aws_route_table.private",
            "module.networking.aws_subnet.private_subnet",
            "module.networking.aws_vpc.vpc"
          ]
        }
      ]
    },
    {
      "module": "module.networking",
      "mode": "managed",
      "type": "aws_route_table_association",
      "name": "public",
      "provider": "provider[\"registry.terraform.io/hashicorp/aws\"]",
      "instances": [
        {
          "schema_version": 0,
          "attributes": {
            "gateway_id": "",
            "id": "rtbassoc-08ba7e6e2dd9c341a",
            "route_table_id": "rtb-071d3e27237e102a7",
            "subnet_id": "subnet-0d69f75ab1b5d96ec"
          },
          "sensitive_attributes": [],
          "private": "bnVsbA==",
          "dependencies": [
            "module.networking.aws_route_table.public",
            "module.networking.aws_subnet.public_subnet",
            "module.networking.aws_vpc.vpc"
          ]
        }
      ]
    },
    {
      "module": "module.networking",
      "mode": "managed",
      "type": "aws_security_group",
      "name": "default",
      "provider": "provider[\"registry.terraform.io/hashicorp/aws\"]",
      "instances": [
        {
          "schema_version": 1,
          "attributes": {
            "arn": "arn:aws:ec2:us-east-2:855157247171:security-group/sg-0caf64081018682ed",
            "description": "Default security group to allow inbound/outbound from the VPC",
            "egress": [
              {
                "cidr_blocks": [],
                "description": "",
                "from_port": 0,
                "ipv6_cidr_blocks": [],
                "prefix_list_ids": [],
                "protocol": "-1",
                "security_groups": [],
                "self": true,
                "to_port": 0
              }
            ],
            "id": "sg-0caf64081018682ed",
            "ingress": [
              {
                "cidr_blocks": [],
                "description": "",
                "from_port": 0,
                "ipv6_cidr_blocks": [],
                "prefix_list_ids": [],
                "protocol": "-1",
                "security_groups": [],
                "self": true,
                "to_port": 0
              }
            ],
            "name": "default-sg",
            "name_prefix": "",
            "owner_id": "855157247171",
            "revoke_rules_on_delete": false,
            "tags": null,
            "tags_all": {},
            "timeouts": null,
            "vpc_id": "vpc-051dee3a395c1136c"
          },
          "sensitive_attributes": [],
          "private": "eyJlMmJmYjczMC1lY2FhLTExZTYtOGY4OC0zNDM2M2JjN2M0YzAiOnsiY3JlYXRlIjo2MDAwMDAwMDAwMDAsImRlbGV0ZSI6OTAwMDAwMDAwMDAwfSwic2NoZW1hX3ZlcnNpb24iOiIxIn0=",
          "dependencies": [
            "module.networking.aws_vpc.vpc"
          ]
        }
      ]
    },
    {
      "module": "module.networking",
      "mode": "managed",
      "type": "aws_subnet",
      "name": "private_subnet",
      "provider": "provider[\"registry.terraform.io/hashicorp/aws\"]",
      "instances": [
        {
          "index_key": 0,
          "schema_version": 1,
          "attributes": {
            "arn": "arn:aws:ec2:us-east-2:855157247171:subnet/subnet-079ccfed21acb2cb6",
            "assign_ipv6_address_on_creation": false,
            "availability_zone": "us-east-2a",
            "availability_zone_id": "use2-az1",
            "cidr_block": "10.0.1.0/24",
            "customer_owned_ipv4_pool": "",
            "id": "subnet-079ccfed21acb2cb6",
            "ipv6_cidr_block": "",
            "ipv6_cidr_block_association_id": "",
            "map_customer_owned_ip_on_launch": false,
            "map_public_ip_on_launch": false,
            "outpost_arn": "",
            "owner_id": "855157247171",
            "tags": {
              "Name": "private-subnet-0"
            },
            "tags_all": {
              "Name": "private-subnet-0"
            },
            "timeouts": null,
            "vpc_id": "vpc-051dee3a395c1136c"
          },
          "sensitive_attributes": [],
          "private": "eyJlMmJmYjczMC1lY2FhLTExZTYtOGY4OC0zNDM2M2JjN2M0YzAiOnsiY3JlYXRlIjo2MDAwMDAwMDAwMDAsImRlbGV0ZSI6MTIwMDAwMDAwMDAwMH0sInNjaGVtYV92ZXJzaW9uIjoiMSJ9",
          "dependencies": [
            "module.networking.aws_vpc.vpc"
          ],
          "create_before_destroy": true
        },
        {
          "index_key": 1,
          "schema_version": 1,
          "attributes": {
            "arn": "arn:aws:ec2:us-east-2:855157247171:subnet/subnet-03a0f3d0fe7d6f049",
            "assign_ipv6_address_on_creation": false,
            "availability_zone": "us-east-2b",
            "availability_zone_id": "use2-az2",
            "cidr_block": "10.0.2.0/24",
            "customer_owned_ipv4_pool": "",
            "id": "subnet-03a0f3d0fe7d6f049",
            "ipv6_cidr_block": "",
            "ipv6_cidr_block_association_id": "",
            "map_customer_owned_ip_on_launch": false,
            "map_public_ip_on_launch": false,
            "outpost_arn": "",
            "owner_id": "855157247171",
            "tags": {
              "Name": "private-subnet-1"
            },
            "tags_all": {
              "Name": "private-subnet-1"
            },
            "timeouts": null,
            "vpc_id": "vpc-051dee3a395c1136c"
          },
          "sensitive_attributes": [],
          "private": "eyJlMmJmYjczMC1lY2FhLTExZTYtOGY4OC0zNDM2M2JjN2M0YzAiOnsiY3JlYXRlIjo2MDAwMDAwMDAwMDAsImRlbGV0ZSI6MTIwMDAwMDAwMDAwMH0sInNjaGVtYV92ZXJzaW9uIjoiMSJ9",
          "dependencies": [
            "module.networking.aws_vpc.vpc"
          ],
          "create_before_destroy": true
        }
      ]
    },
    {
      "module": "module.networking",
      "mode": "managed",
      "type": "aws_subnet",
      "name": "public_subnet",
      "provider": "provider[\"registry.terraform.io/hashicorp/aws\"]",
      "instances": [
        {
          "schema_version": 1,
          "attributes": {
            "arn": "arn:aws:ec2:us-east-2:855157247171:subnet/subnet-0d69f75ab1b5d96ec",
            "assign_ipv6_address_on_creation": false,
            "availability_zone": "us-east-2b",
            "availability_zone_id": "use2-az2",
            "cidr_block": "10.0.0.0/24",
            "customer_owned_ipv4_pool": "",
            "id": "subnet-0d69f75ab1b5d96ec",
            "ipv6_cidr_block": "",
            "ipv6_cidr_block_association_id": "",
            "map_customer_owned_ip_on_launch": false,
            "map_public_ip_on_launch": true,
            "outpost_arn": "",
            "owner_id": "855157247171",
            "tags": {
              "Name": "public-subnet"
            },
            "tags_all": {
              "Name": "public-subnet"
            },
            "timeouts": null,
            "vpc_id": "vpc-051dee3a395c1136c"
          },
          "sensitive_attributes": [],
          "private": "eyJlMmJmYjczMC1lY2FhLTExZTYtOGY4OC0zNDM2M2JjN2M0YzAiOnsiY3JlYXRlIjo2MDAwMDAwMDAwMDAsImRlbGV0ZSI6MTIwMDAwMDAwMDAwMH0sInNjaGVtYV92ZXJzaW9uIjoiMSJ9",
          "dependencies": [
            "module.networking.aws_vpc.vpc"
          ]
        }
      ]
    },
    {
      "module": "module.networking",
      "mode": "managed",
      "type": "aws_vpc",
      "name": "vpc",
      "provider": "provider[\"registry.terraform.io/hashicorp/aws\"]",
      "instances": [
        {
          "schema_version": 1,
          "attributes": {
            "arn": "arn:aws:ec2:us-east-2:855157247171:vpc/vpc-051dee3a395c1136c",
            "assign_generated_ipv6_cidr_block": false,
            "cidr_block": "10.0.0.0/16",
            "default_network_acl_id": "acl-0308de0c23ce9aca1",
            "default_route_table_id": "rtb-0b4e0c63832ffee20",
            "default_security_group_id": "sg-0e07f010b2dea3a59",
            "dhcp_options_id": "dopt-0cda6ee1e619428c7",
            "enable_classiclink": null,
            "enable_classiclink_dns_support": null,
            "enable_dns_hostnames": true,
            "enable_dns_support": true,
            "id": "vpc-051dee3a395c1136c",
            "instance_tenancy": "default",
            "ipv6_association_id": "",
            "ipv6_cidr_block": "",
            "main_route_table_id": "rtb-0b4e0c63832ffee20",
            "owner_id": "855157247171",
            "tags": {
              "Name": "vpc"
            },
            "tags_all": {
              "Name": "vpc"
            }
          },
          "sensitive_attributes": [],
          "private": "eyJzY2hlbWFfdmVyc2lvbiI6IjEifQ==",
          "create_before_destroy": true
        }
      ]
    },
    {
      "module": "module.rds",
      "mode": "managed",
      "type": "aws_db_instance",
      "name": "rds-instance",
      "provider": "provider[\"registry.terraform.io/hashicorp/aws\"]",
      "instances": [
        {
          "schema_version": 1,
          "attributes": {
            "address": "terraform-2021103118321265040000000d.c64oqxs2btyp.us-east-2.rds.amazonaws.com",
            "allocated_storage": 20,
            "allow_major_version_upgrade": null,
            "apply_immediately": null,
            "arn": "arn:aws:rds:us-east-2:855157247171:db:terraform-2021103118321265040000000d",
            "auto_minor_version_upgrade": true,
            "availability_zone": "us-east-2a",
            "backup_retention_period": 0,
            "backup_window": "04:43-05:13",
            "ca_cert_identifier": "rds-ca-2019",
            "character_set_name": "",
            "copy_tags_to_snapshot": false,
            "customer_owned_ip_enabled": false,
            "db_subnet_group_name": "rds-subnet",
            "delete_automated_backups": true,
            "deletion_protection": false,
            "domain": "",
            "domain_iam_role_name": "",
            "enabled_cloudwatch_logs_exports": null,
            "endpoint": "terraform-2021103118321265040000000d.c64oqxs2btyp.us-east-2.rds.amazonaws.com:5432",
            "engine": "postgres",
            "engine_version": "12.8",
            "engine_version_actual": "12.8",
            "final_snapshot_identifier": null,
            "hosted_zone_id": "Z2XHWR1WZ565X2",
            "iam_database_authentication_enabled": false,
            "id": "terraform-2021103118321265040000000d",
            "identifier": "terraform-2021103118321265040000000d",
            "identifier_prefix": null,
            "instance_class": "db.t2.micro",
            "iops": 0,
            "kms_key_id": "",
            "latest_restorable_time": "0001-01-01T00:00:00Z",
            "license_model": "postgresql-license",
            "maintenance_window": "sun:06:53-sun:07:23",
            "max_allocated_storage": 0,
            "monitoring_interval": 0,
            "monitoring_role_arn": "",
            "multi_az": false,
            "name": "databootcamp",
            "nchar_character_set_name": "",
            "option_group_name": "default:postgres-12",
            "parameter_group_name": "default.postgres12",
            "password": "87597580Ge",
            "performance_insights_enabled": false,
            "performance_insights_kms_key_id": "",
            "performance_insights_retention_period": 0,
            "port": 5432,
            "publicly_accessible": true,
            "replica_mode": "",
            "replicas": [],
            "replicate_source_db": "",
            "resource_id": "db-7YVXBDE4YP4L5YSPDSVDN2XKMA",
            "restore_to_point_in_time": [],
            "s3_import": [],
            "security_group_names": null,
            "skip_final_snapshot": true,
            "snapshot_identifier": null,
            "status": "available",
            "storage_encrypted": false,
            "storage_type": "gp2",
            "tags": {
              "Name": "rds-database"
            },
            "tags_all": {
              "Name": "rds-database"
            },
            "timeouts": null,
            "timezone": "",
            "username": "geoairflow",
            "vpc_security_group_ids": [
              "sg-07aba1cdd43a8c722"
            ]
          },
          "sensitive_attributes": [],
          "private": "eyJlMmJmYjczMC1lY2FhLTExZTYtOGY4OC0zNDM2M2JjN2M0YzAiOnsiY3JlYXRlIjoyNDAwMDAwMDAwMDAwLCJkZWxldGUiOjM2MDAwMDAwMDAwMDAsInVwZGF0ZSI6NDgwMDAwMDAwMDAwMH0sInNjaGVtYV92ZXJzaW9uIjoiMSJ9",
          "dependencies": [
            "module.networking.aws_subnet.private_subnet",
            "module.networking.aws_vpc.vpc",
            "module.rds.aws_db_subnet_group.db_subnet",
            "module.rds.aws_security_group.rds_sg"
          ]
        }
      ]
    },
    {
      "module": "module.rds",
      "mode": "managed",
      "type": "aws_db_subnet_group",
      "name": "db_subnet",
      "provider": "provider[\"registry.terraform.io/hashicorp/aws\"]",
      "instances": [
        {
          "schema_version": 0,
          "attributes": {
            "arn": "arn:aws:rds:us-east-2:855157247171:subgrp:rds-subnet",
            "description": "Managed by Terraform",
            "id": "rds-subnet",
            "name": "rds-subnet",
            "name_prefix": null,
            "subnet_ids": [
              "subnet-03a0f3d0fe7d6f049",
              "subnet-079ccfed21acb2cb6"
            ],
            "tags": {
              "Name": "rds-db"
            },
            "tags_all": {
              "Name": "rds-db"
            }
          },
          "sensitive_attributes": [],
          "private": "bnVsbA==",
          "dependencies": [
            "module.networking.aws_subnet.private_subnet",
            "module.networking.aws_vpc.vpc"
          ]
        }
      ]
    },
    {
      "module": "module.rds",
      "mode": "managed",
      "type": "aws_security_group",
      "name": "rds_sg",
      "provider": "provider[\"registry.terraform.io/hashicorp/aws\"]",
      "instances": [
        {
          "schema_version": 1,
          "attributes": {
            "arn": "arn:aws:ec2:us-east-2:855157247171:security-group/sg-07aba1cdd43a8c722",
            "description": "RDS servers (terraform-managed)",
            "egress": [
              {
                "cidr_blocks": [
                  "0.0.0.0/0"
                ],
                "description": "",
                "from_port": 0,
                "ipv6_cidr_blocks": [],
                "prefix_list_ids": [],
                "protocol": "-1",
                "security_groups": [],
                "self": false,
                "to_port": 0
              }
            ],
            "id": "sg-07aba1cdd43a8c722",
            "ingress": [
              {
                "cidr_blocks": [
                  "0.0.0.0/0"
                ],
                "description": "",
                "from_port": 5432,
                "ipv6_cidr_blocks": [],
                "prefix_list_ids": [],
                "protocol": "tcp",
                "security_groups": [],
                "self": false,
                "to_port": 5432
              }
            ],
            "name": "rds_sg",
            "name_prefix": "",
            "owner_id": "855157247171",
            "revoke_rules_on_delete": false,
            "tags": null,
            "tags_all": {},
            "timeouts": null,
            "vpc_id": "vpc-051dee3a395c1136c"
          },
          "sensitive_attributes": [],
          "private": "eyJlMmJmYjczMC1lY2FhLTExZTYtOGY4OC0zNDM2M2JjN2M0YzAiOnsiY3JlYXRlIjo2MDAwMDAwMDAwMDAsImRlbGV0ZSI6OTAwMDAwMDAwMDAwfSwic2NoZW1hX3ZlcnNpb24iOiIxIn0=",
          "dependencies": [
            "module.networking.aws_vpc.vpc"
          ]
        }
      ]
    }
  ]
}
